// !$*UTF8*$!
{
	archiveVersion = 1;
	classes = {
	};
	objectVersion = 55;
	objects = {

/* Begin PBXBuildFile section */
		6A1829022819D9FF004984D4 /* AppDelegate.swift in Sources */ = {isa = PBXBuildFile; fileRef = 6A1829012819D9FF004984D4 /* AppDelegate.swift */; };
		6A1829042819D9FF004984D4 /* SceneDelegate.swift in Sources */ = {isa = PBXBuildFile; fileRef = 6A1829032819D9FF004984D4 /* SceneDelegate.swift */; };
		6A18290C2819D9FF004984D4 /* ProyectoFinal.xcdatamodeld in Sources */ = {isa = PBXBuildFile; fileRef = 6A18290A2819D9FF004984D4 /* ProyectoFinal.xcdatamodeld */; };
		6A18290E2819DA01004984D4 /* Assets.xcassets in Resources */ = {isa = PBXBuildFile; fileRef = 6A18290D2819DA01004984D4 /* Assets.xcassets */; };
		6A1829112819DA01004984D4 /* LaunchScreen.storyboard in Resources */ = {isa = PBXBuildFile; fileRef = 6A18290F2819DA01004984D4 /* LaunchScreen.storyboard */; };
		9706B1DF281ECD1B002023E6 /* structCategories.swift in Sources */ = {isa = PBXBuildFile; fileRef = 9706B1DE281ECD1B002023E6 /* structCategories.swift */; };
		9706B1E8281EEB64002023E6 /* SpecificCategoryPresenter.swift in Sources */ = {isa = PBXBuildFile; fileRef = 9706B1E1281EEB64002023E6 /* SpecificCategoryPresenter.swift */; };
		9706B1E9281EEB64002023E6 /* SpecificCategoryLocalDataManager.swift in Sources */ = {isa = PBXBuildFile; fileRef = 9706B1E2281EEB64002023E6 /* SpecificCategoryLocalDataManager.swift */; };
		9706B1EA281EEB64002023E6 /* SpecificCategoryProtocols.swift in Sources */ = {isa = PBXBuildFile; fileRef = 9706B1E3281EEB64002023E6 /* SpecificCategoryProtocols.swift */; };
		9706B1EB281EEB64002023E6 /* SpecificCategoryInteractor.swift in Sources */ = {isa = PBXBuildFile; fileRef = 9706B1E4281EEB64002023E6 /* SpecificCategoryInteractor.swift */; };
		9706B1EC281EEB64002023E6 /* SpecificCategoryView.swift in Sources */ = {isa = PBXBuildFile; fileRef = 9706B1E5281EEB64002023E6 /* SpecificCategoryView.swift */; };
		9706B1ED281EEB64002023E6 /* SpecificCategoryRemoteDataManager.swift in Sources */ = {isa = PBXBuildFile; fileRef = 9706B1E6281EEB64002023E6 /* SpecificCategoryRemoteDataManager.swift */; };
		9706B1EE281EEB64002023E6 /* SpecificCategoryWireFrame.swift in Sources */ = {isa = PBXBuildFile; fileRef = 9706B1E7281EEB64002023E6 /* SpecificCategoryWireFrame.swift */; };
		9706B1F0281EEB6E002023E6 /* SpecificCategory.storyboard in Resources */ = {isa = PBXBuildFile; fileRef = 9706B1EF281EEB6E002023E6 /* SpecificCategory.storyboard */; };
		9706B1F2281F1FEF002023E6 /* ProductsStruct.swift in Sources */ = {isa = PBXBuildFile; fileRef = 9706B1F1281F1FEF002023E6 /* ProductsStruct.swift */; };
		97094648281CF07F005296E8 /* HomeTableViewCell.swift in Sources */ = {isa = PBXBuildFile; fileRef = 97094647281CF07F005296E8 /* HomeTableViewCell.swift */; };
		9741ADBD2821909F0073FABF /* ProductoCustomer+CoreDataClass.swift in Sources */ = {isa = PBXBuildFile; fileRef = 9741ADBB2821909F0073FABF /* ProductoCustomer+CoreDataClass.swift */; };
		9741ADBE2821909F0073FABF /* ProductoCustomer+CoreDataProperties.swift in Sources */ = {isa = PBXBuildFile; fileRef = 9741ADBC2821909F0073FABF /* ProductoCustomer+CoreDataProperties.swift */; };
		9756375F28248A810006C761 /* SignupPresenter.swift in Sources */ = {isa = PBXBuildFile; fileRef = 9756375828248A810006C761 /* SignupPresenter.swift */; };
		9756376028248A810006C761 /* SignupLocalDataManager.swift in Sources */ = {isa = PBXBuildFile; fileRef = 9756375928248A810006C761 /* SignupLocalDataManager.swift */; };
		9756376128248A810006C761 /* SignupProtocols.swift in Sources */ = {isa = PBXBuildFile; fileRef = 9756375A28248A810006C761 /* SignupProtocols.swift */; };
		9756376228248A810006C761 /* SignupInteractor.swift in Sources */ = {isa = PBXBuildFile; fileRef = 9756375B28248A810006C761 /* SignupInteractor.swift */; };
		9756376328248A810006C761 /* SignupView.swift in Sources */ = {isa = PBXBuildFile; fileRef = 9756375C28248A810006C761 /* SignupView.swift */; };
		9756376428248A810006C761 /* SignupRemoteDataManager.swift in Sources */ = {isa = PBXBuildFile; fileRef = 9756375D28248A810006C761 /* SignupRemoteDataManager.swift */; };
		9756376528248A810006C761 /* SignupWireFrame.swift in Sources */ = {isa = PBXBuildFile; fileRef = 9756375E28248A810006C761 /* SignupWireFrame.swift */; };
		9756376728248AAC0006C761 /* CheckUser.swift in Sources */ = {isa = PBXBuildFile; fileRef = 9756376628248AAC0006C761 /* CheckUser.swift */; };
		9756376928248ACB0006C761 /* ImageAdded.swift in Sources */ = {isa = PBXBuildFile; fileRef = 9756376828248ACB0006C761 /* ImageAdded.swift */; };
		9756376B28248ADB0006C761 /* UserAdded.swift in Sources */ = {isa = PBXBuildFile; fileRef = 9756376A28248ADB0006C761 /* UserAdded.swift */; };
		9756376D28248B8D0006C761 /* SignupView.storyboard in Resources */ = {isa = PBXBuildFile; fileRef = 9756376C28248B8D0006C761 /* SignupView.storyboard */; };
		9756377628248C630006C761 /* LoginPresenter.swift in Sources */ = {isa = PBXBuildFile; fileRef = 9756376F28248C630006C761 /* LoginPresenter.swift */; };
		9756377728248C630006C761 /* LoginLocalDataManager.swift in Sources */ = {isa = PBXBuildFile; fileRef = 9756377028248C630006C761 /* LoginLocalDataManager.swift */; };
		9756377828248C630006C761 /* LoginProtocols.swift in Sources */ = {isa = PBXBuildFile; fileRef = 9756377128248C630006C761 /* LoginProtocols.swift */; };
		9756377928248C630006C761 /* LoginInteractor.swift in Sources */ = {isa = PBXBuildFile; fileRef = 9756377228248C630006C761 /* LoginInteractor.swift */; };
		9756377A28248C630006C761 /* LoginView.swift in Sources */ = {isa = PBXBuildFile; fileRef = 9756377328248C630006C761 /* LoginView.swift */; };
		9756377B28248C630006C761 /* LoginRemoteDataManager.swift in Sources */ = {isa = PBXBuildFile; fileRef = 9756377428248C630006C761 /* LoginRemoteDataManager.swift */; };
		9756377C28248C630006C761 /* LoginWireFrame.swift in Sources */ = {isa = PBXBuildFile; fileRef = 9756377528248C630006C761 /* LoginWireFrame.swift */; };
		9756377E28248CDF0006C761 /* Users.swift in Sources */ = {isa = PBXBuildFile; fileRef = 9756377D28248CDF0006C761 /* Users.swift */; };
		9756378028248D250006C761 /* LoginView.storyboard in Resources */ = {isa = PBXBuildFile; fileRef = 9756377F28248D250006C761 /* LoginView.storyboard */; };
		975B77AE281A23D500AF96BD /* HomeView.storyboard in Resources */ = {isa = PBXBuildFile; fileRef = 975B77AD281A23D500AF96BD /* HomeView.storyboard */; };
		975B77B6281A23DD00AF96BD /* HomeViewPresenter.swift in Sources */ = {isa = PBXBuildFile; fileRef = 975B77AF281A23DD00AF96BD /* HomeViewPresenter.swift */; };
		975B77B7281A23DD00AF96BD /* HomeViewLocalDataManager.swift in Sources */ = {isa = PBXBuildFile; fileRef = 975B77B0281A23DD00AF96BD /* HomeViewLocalDataManager.swift */; };
		975B77B8281A23DD00AF96BD /* HomeViewProtocols.swift in Sources */ = {isa = PBXBuildFile; fileRef = 975B77B1281A23DD00AF96BD /* HomeViewProtocols.swift */; };
		975B77B9281A23DD00AF96BD /* HomeViewInteractor.swift in Sources */ = {isa = PBXBuildFile; fileRef = 975B77B2281A23DD00AF96BD /* HomeViewInteractor.swift */; };
		975B77BA281A23DD00AF96BD /* HomeViewView.swift in Sources */ = {isa = PBXBuildFile; fileRef = 975B77B3281A23DD00AF96BD /* HomeViewView.swift */; };
		975B77BB281A23DD00AF96BD /* HomeViewRemoteDataManager.swift in Sources */ = {isa = PBXBuildFile; fileRef = 975B77B4281A23DD00AF96BD /* HomeViewRemoteDataManager.swift */; };
		975B77BC281A23DD00AF96BD /* HomeViewWireFrame.swift in Sources */ = {isa = PBXBuildFile; fileRef = 975B77B5281A23DD00AF96BD /* HomeViewWireFrame.swift */; };
		975B77C4281A23F300AF96BD /* UserAccountPresenter.swift in Sources */ = {isa = PBXBuildFile; fileRef = 975B77BD281A23F300AF96BD /* UserAccountPresenter.swift */; };
		975B77C5281A23F300AF96BD /* UserAccountLocalDataManager.swift in Sources */ = {isa = PBXBuildFile; fileRef = 975B77BE281A23F300AF96BD /* UserAccountLocalDataManager.swift */; };
		975B77C6281A23F300AF96BD /* UserAccountProtocols.swift in Sources */ = {isa = PBXBuildFile; fileRef = 975B77BF281A23F300AF96BD /* UserAccountProtocols.swift */; };
		975B77C7281A23F300AF96BD /* UserAccountInteractor.swift in Sources */ = {isa = PBXBuildFile; fileRef = 975B77C0281A23F300AF96BD /* UserAccountInteractor.swift */; };
		975B77C8281A23F300AF96BD /* UserAccountView.swift in Sources */ = {isa = PBXBuildFile; fileRef = 975B77C1281A23F300AF96BD /* UserAccountView.swift */; };
		975B77C9281A23F300AF96BD /* UserAccountRemoteDataManager.swift in Sources */ = {isa = PBXBuildFile; fileRef = 975B77C2281A23F300AF96BD /* UserAccountRemoteDataManager.swift */; };
		975B77CA281A23F300AF96BD /* UserAccountWireFrame.swift in Sources */ = {isa = PBXBuildFile; fileRef = 975B77C3281A23F300AF96BD /* UserAccountWireFrame.swift */; };
		975B77CC281A23F800AF96BD /* UserAccount.storyboard in Resources */ = {isa = PBXBuildFile; fileRef = 975B77CB281A23F800AF96BD /* UserAccount.storyboard */; };
		975B77CE281A240200AF96BD /* DetailProductView.storyboard in Resources */ = {isa = PBXBuildFile; fileRef = 975B77CD281A240200AF96BD /* DetailProductView.storyboard */; };
		975B77D6281A240C00AF96BD /* DetailProductViewPresenter.swift in Sources */ = {isa = PBXBuildFile; fileRef = 975B77CF281A240C00AF96BD /* DetailProductViewPresenter.swift */; };
		975B77D7281A240C00AF96BD /* DetailProductViewLocalDataManager.swift in Sources */ = {isa = PBXBuildFile; fileRef = 975B77D0281A240C00AF96BD /* DetailProductViewLocalDataManager.swift */; };
		975B77D8281A240C00AF96BD /* DetailProductViewProtocols.swift in Sources */ = {isa = PBXBuildFile; fileRef = 975B77D1281A240C00AF96BD /* DetailProductViewProtocols.swift */; };
		975B77D9281A240C00AF96BD /* DetailProductViewInteractor.swift in Sources */ = {isa = PBXBuildFile; fileRef = 975B77D2281A240C00AF96BD /* DetailProductViewInteractor.swift */; };
		975B77DA281A240C00AF96BD /* DetailProductViewView.swift in Sources */ = {isa = PBXBuildFile; fileRef = 975B77D3281A240C00AF96BD /* DetailProductViewView.swift */; };
		975B77DB281A240C00AF96BD /* DetailProductViewRemoteDataManager.swift in Sources */ = {isa = PBXBuildFile; fileRef = 975B77D4281A240C00AF96BD /* DetailProductViewRemoteDataManager.swift */; };
		975B77DC281A240C00AF96BD /* DetailProductViewWireFrame.swift in Sources */ = {isa = PBXBuildFile; fileRef = 975B77D5281A240C00AF96BD /* DetailProductViewWireFrame.swift */; };
		975B77E4281A241500AF96BD /* ShopingCarPresenter.swift in Sources */ = {isa = PBXBuildFile; fileRef = 975B77DD281A241500AF96BD /* ShopingCarPresenter.swift */; };
		975B77E5281A241500AF96BD /* ShopingCarLocalDataManager.swift in Sources */ = {isa = PBXBuildFile; fileRef = 975B77DE281A241500AF96BD /* ShopingCarLocalDataManager.swift */; };
		975B77E6281A241500AF96BD /* ShopingCarProtocols.swift in Sources */ = {isa = PBXBuildFile; fileRef = 975B77DF281A241500AF96BD /* ShopingCarProtocols.swift */; };
		975B77E7281A241500AF96BD /* ShopingCarInteractor.swift in Sources */ = {isa = PBXBuildFile; fileRef = 975B77E0281A241500AF96BD /* ShopingCarInteractor.swift */; };
		975B77E8281A241500AF96BD /* ShopingCarView.swift in Sources */ = {isa = PBXBuildFile; fileRef = 975B77E1281A241500AF96BD /* ShopingCarView.swift */; };
		975B77E9281A241500AF96BD /* ShopingCarRemoteDataManager.swift in Sources */ = {isa = PBXBuildFile; fileRef = 975B77E2281A241500AF96BD /* ShopingCarRemoteDataManager.swift */; };
		975B77EA281A241500AF96BD /* ShopingCarWireFrame.swift in Sources */ = {isa = PBXBuildFile; fileRef = 975B77E3281A241500AF96BD /* ShopingCarWireFrame.swift */; };
		975B77EC281A241900AF96BD /* ShopingCar.storyboard in Resources */ = {isa = PBXBuildFile; fileRef = 975B77EB281A241900AF96BD /* ShopingCar.storyboard */; };
		975B77F0281A242F00AF96BD /* BuyItems.storyboard in Resources */ = {isa = PBXBuildFile; fileRef = 975B77EF281A242F00AF96BD /* BuyItems.storyboard */; };
		975B77F8281A243700AF96BD /* BuyItemsPresenter.swift in Sources */ = {isa = PBXBuildFile; fileRef = 975B77F1281A243700AF96BD /* BuyItemsPresenter.swift */; };
		975B77F9281A243700AF96BD /* BuyItemsLocalDataManager.swift in Sources */ = {isa = PBXBuildFile; fileRef = 975B77F2281A243700AF96BD /* BuyItemsLocalDataManager.swift */; };
		975B77FA281A243700AF96BD /* BuyItemsProtocols.swift in Sources */ = {isa = PBXBuildFile; fileRef = 975B77F3281A243700AF96BD /* BuyItemsProtocols.swift */; };
		975B77FB281A243700AF96BD /* BuyItemsInteractor.swift in Sources */ = {isa = PBXBuildFile; fileRef = 975B77F4281A243700AF96BD /* BuyItemsInteractor.swift */; };
		975B77FC281A243700AF96BD /* BuyItemsView.swift in Sources */ = {isa = PBXBuildFile; fileRef = 975B77F5281A243700AF96BD /* BuyItemsView.swift */; };
		975B77FD281A243700AF96BD /* BuyItemsRemoteDataManager.swift in Sources */ = {isa = PBXBuildFile; fileRef = 975B77F6281A243700AF96BD /* BuyItemsRemoteDataManager.swift */; };
		975B77FE281A243700AF96BD /* BuyItemsWireFrame.swift in Sources */ = {isa = PBXBuildFile; fileRef = 975B77F7281A243700AF96BD /* BuyItemsWireFrame.swift */; };
		975B7806281A244000AF96BD /* CardsPresenter.swift in Sources */ = {isa = PBXBuildFile; fileRef = 975B77FF281A244000AF96BD /* CardsPresenter.swift */; };
		975B7807281A244000AF96BD /* CardsLocalDataManager.swift in Sources */ = {isa = PBXBuildFile; fileRef = 975B7800281A244000AF96BD /* CardsLocalDataManager.swift */; };
		975B7808281A244000AF96BD /* CardsProtocols.swift in Sources */ = {isa = PBXBuildFile; fileRef = 975B7801281A244000AF96BD /* CardsProtocols.swift */; };
		975B7809281A244000AF96BD /* CardsInteractor.swift in Sources */ = {isa = PBXBuildFile; fileRef = 975B7802281A244000AF96BD /* CardsInteractor.swift */; };
		975B780A281A244000AF96BD /* CardsView.swift in Sources */ = {isa = PBXBuildFile; fileRef = 975B7803281A244000AF96BD /* CardsView.swift */; };
		975B780B281A244000AF96BD /* CardsRemoteDataManager.swift in Sources */ = {isa = PBXBuildFile; fileRef = 975B7804281A244000AF96BD /* CardsRemoteDataManager.swift */; };
		975B780C281A244000AF96BD /* CardsWireFrame.swift in Sources */ = {isa = PBXBuildFile; fileRef = 975B7805281A244000AF96BD /* CardsWireFrame.swift */; };
		975B780E281A245000AF96BD /* Cards.storyboard in Resources */ = {isa = PBXBuildFile; fileRef = 975B780D281A245000AF96BD /* Cards.storyboard */; };
		975B7810281A245C00AF96BD /* ViewPurchases.storyboard in Resources */ = {isa = PBXBuildFile; fileRef = 975B780F281A245C00AF96BD /* ViewPurchases.storyboard */; };
		975B7818281A246200AF96BD /* ViewPurchasesPresenter.swift in Sources */ = {isa = PBXBuildFile; fileRef = 975B7811281A246200AF96BD /* ViewPurchasesPresenter.swift */; };
		975B7819281A246200AF96BD /* ViewPurchasesLocalDataManager.swift in Sources */ = {isa = PBXBuildFile; fileRef = 975B7812281A246200AF96BD /* ViewPurchasesLocalDataManager.swift */; };
		975B781A281A246200AF96BD /* ViewPurchasesProtocols.swift in Sources */ = {isa = PBXBuildFile; fileRef = 975B7813281A246200AF96BD /* ViewPurchasesProtocols.swift */; };
		975B781B281A246200AF96BD /* ViewPurchasesInteractor.swift in Sources */ = {isa = PBXBuildFile; fileRef = 975B7814281A246200AF96BD /* ViewPurchasesInteractor.swift */; };
		975B781C281A246200AF96BD /* ViewPurchasesView.swift in Sources */ = {isa = PBXBuildFile; fileRef = 975B7815281A246200AF96BD /* ViewPurchasesView.swift */; };
		975B781D281A246200AF96BD /* ViewPurchasesRemoteDataManager.swift in Sources */ = {isa = PBXBuildFile; fileRef = 975B7816281A246200AF96BD /* ViewPurchasesRemoteDataManager.swift */; };
		975B781E281A246200AF96BD /* ViewPurchasesWireFrame.swift in Sources */ = {isa = PBXBuildFile; fileRef = 975B7817281A246200AF96BD /* ViewPurchasesWireFrame.swift */; };
		975B7826281A247C00AF96BD /* ViewProfilePresenter.swift in Sources */ = {isa = PBXBuildFile; fileRef = 975B781F281A247C00AF96BD /* ViewProfilePresenter.swift */; };
		975B7827281A247C00AF96BD /* ViewProfileLocalDataManager.swift in Sources */ = {isa = PBXBuildFile; fileRef = 975B7820281A247C00AF96BD /* ViewProfileLocalDataManager.swift */; };
		975B7828281A247C00AF96BD /* ViewProfileProtocols.swift in Sources */ = {isa = PBXBuildFile; fileRef = 975B7821281A247C00AF96BD /* ViewProfileProtocols.swift */; };
		975B7829281A247C00AF96BD /* ViewProfileInteractor.swift in Sources */ = {isa = PBXBuildFile; fileRef = 975B7822281A247C00AF96BD /* ViewProfileInteractor.swift */; };
		975B782A281A247C00AF96BD /* ViewProfileView.swift in Sources */ = {isa = PBXBuildFile; fileRef = 975B7823281A247C00AF96BD /* ViewProfileView.swift */; };
		975B782B281A247C00AF96BD /* ViewProfileRemoteDataManager.swift in Sources */ = {isa = PBXBuildFile; fileRef = 975B7824281A247C00AF96BD /* ViewProfileRemoteDataManager.swift */; };
		975B782C281A247C00AF96BD /* ViewProfileWireFrame.swift in Sources */ = {isa = PBXBuildFile; fileRef = 975B7825281A247C00AF96BD /* ViewProfileWireFrame.swift */; };
		975B782E281A248800AF96BD /* ViewProfile.storyboard in Resources */ = {isa = PBXBuildFile; fileRef = 975B782D281A248800AF96BD /* ViewProfile.storyboard */; };
		97901F4A281A4CB200E367BB /* MyCards.storyboard in Resources */ = {isa = PBXBuildFile; fileRef = 97901F49281A4CB200E367BB /* MyCards.storyboard */; };
		97901F52281A4CBB00E367BB /* MyCardsPresenter.swift in Sources */ = {isa = PBXBuildFile; fileRef = 97901F4B281A4CBB00E367BB /* MyCardsPresenter.swift */; };
		97901F53281A4CBB00E367BB /* MyCardsLocalDataManager.swift in Sources */ = {isa = PBXBuildFile; fileRef = 97901F4C281A4CBB00E367BB /* MyCardsLocalDataManager.swift */; };
		97901F54281A4CBB00E367BB /* MyCardsProtocols.swift in Sources */ = {isa = PBXBuildFile; fileRef = 97901F4D281A4CBB00E367BB /* MyCardsProtocols.swift */; };
		97901F55281A4CBB00E367BB /* MyCardsInteractor.swift in Sources */ = {isa = PBXBuildFile; fileRef = 97901F4E281A4CBB00E367BB /* MyCardsInteractor.swift */; };
		97901F56281A4CBB00E367BB /* MyCardsView.swift in Sources */ = {isa = PBXBuildFile; fileRef = 97901F4F281A4CBB00E367BB /* MyCardsView.swift */; };
		97901F57281A4CBB00E367BB /* MyCardsRemoteDataManager.swift in Sources */ = {isa = PBXBuildFile; fileRef = 97901F50281A4CBB00E367BB /* MyCardsRemoteDataManager.swift */; };
		97901F58281A4CBB00E367BB /* MyCardsWireFrame.swift in Sources */ = {isa = PBXBuildFile; fileRef = 97901F51281A4CBB00E367BB /* MyCardsWireFrame.swift */; };
		97901F60281A4CDA00E367BB /* AddCardsPresenter.swift in Sources */ = {isa = PBXBuildFile; fileRef = 97901F59281A4CDA00E367BB /* AddCardsPresenter.swift */; };
		97901F61281A4CDA00E367BB /* AddCardsLocalDataManager.swift in Sources */ = {isa = PBXBuildFile; fileRef = 97901F5A281A4CDA00E367BB /* AddCardsLocalDataManager.swift */; };
		97901F62281A4CDA00E367BB /* AddCardsProtocols.swift in Sources */ = {isa = PBXBuildFile; fileRef = 97901F5B281A4CDA00E367BB /* AddCardsProtocols.swift */; };
		97901F63281A4CDA00E367BB /* AddCardsInteractor.swift in Sources */ = {isa = PBXBuildFile; fileRef = 97901F5C281A4CDA00E367BB /* AddCardsInteractor.swift */; };
		97901F64281A4CDA00E367BB /* AddCardsView.swift in Sources */ = {isa = PBXBuildFile; fileRef = 97901F5D281A4CDA00E367BB /* AddCardsView.swift */; };
		97901F65281A4CDA00E367BB /* AddCardsRemoteDataManager.swift in Sources */ = {isa = PBXBuildFile; fileRef = 97901F5E281A4CDA00E367BB /* AddCardsRemoteDataManager.swift */; };
		97901F66281A4CDA00E367BB /* AddCardsWireFrame.swift in Sources */ = {isa = PBXBuildFile; fileRef = 97901F5F281A4CDA00E367BB /* AddCardsWireFrame.swift */; };
		97901F68281A4CF000E367BB /* AddCards.storyboard in Resources */ = {isa = PBXBuildFile; fileRef = 97901F67281A4CF000E367BB /* AddCards.storyboard */; };
		97901F6A281A4D0500E367BB /* DeleteEditCards.storyboard in Resources */ = {isa = PBXBuildFile; fileRef = 97901F69281A4D0500E367BB /* DeleteEditCards.storyboard */; };
		97901F72281A4D0C00E367BB /* DeleteEditCardsPresenter.swift in Sources */ = {isa = PBXBuildFile; fileRef = 97901F6B281A4D0C00E367BB /* DeleteEditCardsPresenter.swift */; };
		97901F73281A4D0C00E367BB /* DeleteEditCardsLocalDataManager.swift in Sources */ = {isa = PBXBuildFile; fileRef = 97901F6C281A4D0C00E367BB /* DeleteEditCardsLocalDataManager.swift */; };
		97901F74281A4D0C00E367BB /* DeleteEditCardsProtocols.swift in Sources */ = {isa = PBXBuildFile; fileRef = 97901F6D281A4D0C00E367BB /* DeleteEditCardsProtocols.swift */; };
		97901F75281A4D0C00E367BB /* DeleteEditCardsInteractor.swift in Sources */ = {isa = PBXBuildFile; fileRef = 97901F6E281A4D0C00E367BB /* DeleteEditCardsInteractor.swift */; };
		97901F76281A4D0C00E367BB /* DeleteEditCardsView.swift in Sources */ = {isa = PBXBuildFile; fileRef = 97901F6F281A4D0C00E367BB /* DeleteEditCardsView.swift */; };
		97901F77281A4D0C00E367BB /* DeleteEditCardsRemoteDataManager.swift in Sources */ = {isa = PBXBuildFile; fileRef = 97901F70281A4D0C00E367BB /* DeleteEditCardsRemoteDataManager.swift */; };
		97901F78281A4D0C00E367BB /* DeleteEditCardsWireFrame.swift in Sources */ = {isa = PBXBuildFile; fileRef = 97901F71281A4D0C00E367BB /* DeleteEditCardsWireFrame.swift */; };
		97AF0EAF281E53C5009583F6 /* TabBarNavigationButtons.xib in Resources */ = {isa = PBXBuildFile; fileRef = 97AF0EAE281E53C5009583F6 /* TabBarNavigationButtons.xib */; };
		97AF0EB1281E540E009583F6 /* TabBarNavigationButtons.swift in Sources */ = {isa = PBXBuildFile; fileRef = 97AF0EB0281E540E009583F6 /* TabBarNavigationButtons.swift */; };
/* End PBXBuildFile section */

/* Begin PBXFileReference section */
		6A1828FE2819D9FF004984D4 /* ProyectoFinal.app */ = {isa = PBXFileReference; explicitFileType = wrapper.application; includeInIndex = 0; path = ProyectoFinal.app; sourceTree = BUILT_PRODUCTS_DIR; };
		6A1829012819D9FF004984D4 /* AppDelegate.swift */ = {isa = PBXFileReference; lastKnownFileType = sourcecode.swift; path = AppDelegate.swift; sourceTree = "<group>"; };
		6A1829032819D9FF004984D4 /* SceneDelegate.swift */ = {isa = PBXFileReference; lastKnownFileType = sourcecode.swift; path = SceneDelegate.swift; sourceTree = "<group>"; };
		6A18290B2819D9FF004984D4 /* ProyectoFinal.xcdatamodel */ = {isa = PBXFileReference; lastKnownFileType = wrapper.xcdatamodel; path = ProyectoFinal.xcdatamodel; sourceTree = "<group>"; };
		6A18290D2819DA01004984D4 /* Assets.xcassets */ = {isa = PBXFileReference; lastKnownFileType = folder.assetcatalog; path = Assets.xcassets; sourceTree = "<group>"; };
		6A1829102819DA01004984D4 /* Base */ = {isa = PBXFileReference; lastKnownFileType = file.storyboard; name = Base; path = Base.lproj/LaunchScreen.storyboard; sourceTree = "<group>"; };
		6A1829122819DA01004984D4 /* Info.plist */ = {isa = PBXFileReference; lastKnownFileType = text.plist.xml; path = Info.plist; sourceTree = "<group>"; };
		9706B1DE281ECD1B002023E6 /* structCategories.swift */ = {isa = PBXFileReference; lastKnownFileType = sourcecode.swift; path = structCategories.swift; sourceTree = "<group>"; };
		9706B1E1281EEB64002023E6 /* SpecificCategoryPresenter.swift */ = {isa = PBXFileReference; lastKnownFileType = sourcecode.swift; path = SpecificCategoryPresenter.swift; sourceTree = "<group>"; };
		9706B1E2281EEB64002023E6 /* SpecificCategoryLocalDataManager.swift */ = {isa = PBXFileReference; lastKnownFileType = sourcecode.swift; path = SpecificCategoryLocalDataManager.swift; sourceTree = "<group>"; };
		9706B1E3281EEB64002023E6 /* SpecificCategoryProtocols.swift */ = {isa = PBXFileReference; lastKnownFileType = sourcecode.swift; path = SpecificCategoryProtocols.swift; sourceTree = "<group>"; };
		9706B1E4281EEB64002023E6 /* SpecificCategoryInteractor.swift */ = {isa = PBXFileReference; lastKnownFileType = sourcecode.swift; path = SpecificCategoryInteractor.swift; sourceTree = "<group>"; };
		9706B1E5281EEB64002023E6 /* SpecificCategoryView.swift */ = {isa = PBXFileReference; lastKnownFileType = sourcecode.swift; path = SpecificCategoryView.swift; sourceTree = "<group>"; };
		9706B1E6281EEB64002023E6 /* SpecificCategoryRemoteDataManager.swift */ = {isa = PBXFileReference; lastKnownFileType = sourcecode.swift; path = SpecificCategoryRemoteDataManager.swift; sourceTree = "<group>"; };
		9706B1E7281EEB64002023E6 /* SpecificCategoryWireFrame.swift */ = {isa = PBXFileReference; lastKnownFileType = sourcecode.swift; path = SpecificCategoryWireFrame.swift; sourceTree = "<group>"; };
		9706B1EF281EEB6E002023E6 /* SpecificCategory.storyboard */ = {isa = PBXFileReference; lastKnownFileType = file.storyboard; path = SpecificCategory.storyboard; sourceTree = "<group>"; };
		9706B1F1281F1FEF002023E6 /* ProductsStruct.swift */ = {isa = PBXFileReference; lastKnownFileType = sourcecode.swift; path = ProductsStruct.swift; sourceTree = "<group>"; };
		97094647281CF07F005296E8 /* HomeTableViewCell.swift */ = {isa = PBXFileReference; lastKnownFileType = sourcecode.swift; path = HomeTableViewCell.swift; sourceTree = "<group>"; };
		9741ADBB2821909F0073FABF /* ProductoCustomer+CoreDataClass.swift */ = {isa = PBXFileReference; lastKnownFileType = sourcecode.swift; path = "ProductoCustomer+CoreDataClass.swift"; sourceTree = "<group>"; };
		9741ADBC2821909F0073FABF /* ProductoCustomer+CoreDataProperties.swift */ = {isa = PBXFileReference; lastKnownFileType = sourcecode.swift; path = "ProductoCustomer+CoreDataProperties.swift"; sourceTree = "<group>"; };
		9756375828248A810006C761 /* SignupPresenter.swift */ = {isa = PBXFileReference; lastKnownFileType = sourcecode.swift; path = SignupPresenter.swift; sourceTree = "<group>"; };
		9756375928248A810006C761 /* SignupLocalDataManager.swift */ = {isa = PBXFileReference; lastKnownFileType = sourcecode.swift; path = SignupLocalDataManager.swift; sourceTree = "<group>"; };
		9756375A28248A810006C761 /* SignupProtocols.swift */ = {isa = PBXFileReference; lastKnownFileType = sourcecode.swift; path = SignupProtocols.swift; sourceTree = "<group>"; };
		9756375B28248A810006C761 /* SignupInteractor.swift */ = {isa = PBXFileReference; lastKnownFileType = sourcecode.swift; path = SignupInteractor.swift; sourceTree = "<group>"; };
		9756375C28248A810006C761 /* SignupView.swift */ = {isa = PBXFileReference; lastKnownFileType = sourcecode.swift; path = SignupView.swift; sourceTree = "<group>"; };
		9756375D28248A810006C761 /* SignupRemoteDataManager.swift */ = {isa = PBXFileReference; lastKnownFileType = sourcecode.swift; path = SignupRemoteDataManager.swift; sourceTree = "<group>"; };
		9756375E28248A810006C761 /* SignupWireFrame.swift */ = {isa = PBXFileReference; lastKnownFileType = sourcecode.swift; path = SignupWireFrame.swift; sourceTree = "<group>"; };
		9756376628248AAC0006C761 /* CheckUser.swift */ = {isa = PBXFileReference; lastKnownFileType = sourcecode.swift; path = CheckUser.swift; sourceTree = "<group>"; };
		9756376828248ACB0006C761 /* ImageAdded.swift */ = {isa = PBXFileReference; lastKnownFileType = sourcecode.swift; path = ImageAdded.swift; sourceTree = "<group>"; };
		9756376A28248ADB0006C761 /* UserAdded.swift */ = {isa = PBXFileReference; lastKnownFileType = sourcecode.swift; path = UserAdded.swift; sourceTree = "<group>"; };
		9756376C28248B8D0006C761 /* SignupView.storyboard */ = {isa = PBXFileReference; lastKnownFileType = file.storyboard; path = SignupView.storyboard; sourceTree = "<group>"; };
		9756376F28248C630006C761 /* LoginPresenter.swift */ = {isa = PBXFileReference; lastKnownFileType = sourcecode.swift; path = LoginPresenter.swift; sourceTree = "<group>"; };
		9756377028248C630006C761 /* LoginLocalDataManager.swift */ = {isa = PBXFileReference; lastKnownFileType = sourcecode.swift; path = LoginLocalDataManager.swift; sourceTree = "<group>"; };
		9756377128248C630006C761 /* LoginProtocols.swift */ = {isa = PBXFileReference; lastKnownFileType = sourcecode.swift; path = LoginProtocols.swift; sourceTree = "<group>"; };
		9756377228248C630006C761 /* LoginInteractor.swift */ = {isa = PBXFileReference; lastKnownFileType = sourcecode.swift; path = LoginInteractor.swift; sourceTree = "<group>"; };
		9756377328248C630006C761 /* LoginView.swift */ = {isa = PBXFileReference; lastKnownFileType = sourcecode.swift; path = LoginView.swift; sourceTree = "<group>"; };
		9756377428248C630006C761 /* LoginRemoteDataManager.swift */ = {isa = PBXFileReference; lastKnownFileType = sourcecode.swift; path = LoginRemoteDataManager.swift; sourceTree = "<group>"; };
		9756377528248C630006C761 /* LoginWireFrame.swift */ = {isa = PBXFileReference; lastKnownFileType = sourcecode.swift; path = LoginWireFrame.swift; sourceTree = "<group>"; };
		9756377D28248CDF0006C761 /* Users.swift */ = {isa = PBXFileReference; lastKnownFileType = sourcecode.swift; path = Users.swift; sourceTree = "<group>"; };
		9756377F28248D250006C761 /* LoginView.storyboard */ = {isa = PBXFileReference; lastKnownFileType = file.storyboard; path = LoginView.storyboard; sourceTree = "<group>"; };
		975B77AD281A23D500AF96BD /* HomeView.storyboard */ = {isa = PBXFileReference; lastKnownFileType = file.storyboard; path = HomeView.storyboard; sourceTree = "<group>"; };
		975B77AF281A23DD00AF96BD /* HomeViewPresenter.swift */ = {isa = PBXFileReference; lastKnownFileType = sourcecode.swift; path = HomeViewPresenter.swift; sourceTree = "<group>"; };
		975B77B0281A23DD00AF96BD /* HomeViewLocalDataManager.swift */ = {isa = PBXFileReference; lastKnownFileType = sourcecode.swift; path = HomeViewLocalDataManager.swift; sourceTree = "<group>"; };
		975B77B1281A23DD00AF96BD /* HomeViewProtocols.swift */ = {isa = PBXFileReference; lastKnownFileType = sourcecode.swift; path = HomeViewProtocols.swift; sourceTree = "<group>"; };
		975B77B2281A23DD00AF96BD /* HomeViewInteractor.swift */ = {isa = PBXFileReference; lastKnownFileType = sourcecode.swift; path = HomeViewInteractor.swift; sourceTree = "<group>"; };
		975B77B3281A23DD00AF96BD /* HomeViewView.swift */ = {isa = PBXFileReference; lastKnownFileType = sourcecode.swift; path = HomeViewView.swift; sourceTree = "<group>"; };
		975B77B4281A23DD00AF96BD /* HomeViewRemoteDataManager.swift */ = {isa = PBXFileReference; lastKnownFileType = sourcecode.swift; path = HomeViewRemoteDataManager.swift; sourceTree = "<group>"; };
		975B77B5281A23DD00AF96BD /* HomeViewWireFrame.swift */ = {isa = PBXFileReference; lastKnownFileType = sourcecode.swift; path = HomeViewWireFrame.swift; sourceTree = "<group>"; };
		975B77BD281A23F300AF96BD /* UserAccountPresenter.swift */ = {isa = PBXFileReference; lastKnownFileType = sourcecode.swift; path = UserAccountPresenter.swift; sourceTree = "<group>"; };
		975B77BE281A23F300AF96BD /* UserAccountLocalDataManager.swift */ = {isa = PBXFileReference; lastKnownFileType = sourcecode.swift; path = UserAccountLocalDataManager.swift; sourceTree = "<group>"; };
		975B77BF281A23F300AF96BD /* UserAccountProtocols.swift */ = {isa = PBXFileReference; lastKnownFileType = sourcecode.swift; path = UserAccountProtocols.swift; sourceTree = "<group>"; };
		975B77C0281A23F300AF96BD /* UserAccountInteractor.swift */ = {isa = PBXFileReference; lastKnownFileType = sourcecode.swift; path = UserAccountInteractor.swift; sourceTree = "<group>"; };
		975B77C1281A23F300AF96BD /* UserAccountView.swift */ = {isa = PBXFileReference; lastKnownFileType = sourcecode.swift; path = UserAccountView.swift; sourceTree = "<group>"; };
		975B77C2281A23F300AF96BD /* UserAccountRemoteDataManager.swift */ = {isa = PBXFileReference; lastKnownFileType = sourcecode.swift; path = UserAccountRemoteDataManager.swift; sourceTree = "<group>"; };
		975B77C3281A23F300AF96BD /* UserAccountWireFrame.swift */ = {isa = PBXFileReference; lastKnownFileType = sourcecode.swift; path = UserAccountWireFrame.swift; sourceTree = "<group>"; };
		975B77CB281A23F800AF96BD /* UserAccount.storyboard */ = {isa = PBXFileReference; lastKnownFileType = file.storyboard; path = UserAccount.storyboard; sourceTree = "<group>"; };
		975B77CD281A240200AF96BD /* DetailProductView.storyboard */ = {isa = PBXFileReference; lastKnownFileType = file.storyboard; path = DetailProductView.storyboard; sourceTree = "<group>"; };
		975B77CF281A240C00AF96BD /* DetailProductViewPresenter.swift */ = {isa = PBXFileReference; lastKnownFileType = sourcecode.swift; path = DetailProductViewPresenter.swift; sourceTree = "<group>"; };
		975B77D0281A240C00AF96BD /* DetailProductViewLocalDataManager.swift */ = {isa = PBXFileReference; lastKnownFileType = sourcecode.swift; path = DetailProductViewLocalDataManager.swift; sourceTree = "<group>"; };
		975B77D1281A240C00AF96BD /* DetailProductViewProtocols.swift */ = {isa = PBXFileReference; lastKnownFileType = sourcecode.swift; path = DetailProductViewProtocols.swift; sourceTree = "<group>"; };
		975B77D2281A240C00AF96BD /* DetailProductViewInteractor.swift */ = {isa = PBXFileReference; lastKnownFileType = sourcecode.swift; path = DetailProductViewInteractor.swift; sourceTree = "<group>"; };
		975B77D3281A240C00AF96BD /* DetailProductViewView.swift */ = {isa = PBXFileReference; lastKnownFileType = sourcecode.swift; path = DetailProductViewView.swift; sourceTree = "<group>"; };
		975B77D4281A240C00AF96BD /* DetailProductViewRemoteDataManager.swift */ = {isa = PBXFileReference; lastKnownFileType = sourcecode.swift; path = DetailProductViewRemoteDataManager.swift; sourceTree = "<group>"; };
		975B77D5281A240C00AF96BD /* DetailProductViewWireFrame.swift */ = {isa = PBXFileReference; lastKnownFileType = sourcecode.swift; path = DetailProductViewWireFrame.swift; sourceTree = "<group>"; };
		975B77DD281A241500AF96BD /* ShopingCarPresenter.swift */ = {isa = PBXFileReference; lastKnownFileType = sourcecode.swift; path = ShopingCarPresenter.swift; sourceTree = "<group>"; };
		975B77DE281A241500AF96BD /* ShopingCarLocalDataManager.swift */ = {isa = PBXFileReference; lastKnownFileType = sourcecode.swift; path = ShopingCarLocalDataManager.swift; sourceTree = "<group>"; };
		975B77DF281A241500AF96BD /* ShopingCarProtocols.swift */ = {isa = PBXFileReference; lastKnownFileType = sourcecode.swift; path = ShopingCarProtocols.swift; sourceTree = "<group>"; };
		975B77E0281A241500AF96BD /* ShopingCarInteractor.swift */ = {isa = PBXFileReference; lastKnownFileType = sourcecode.swift; path = ShopingCarInteractor.swift; sourceTree = "<group>"; };
		975B77E1281A241500AF96BD /* ShopingCarView.swift */ = {isa = PBXFileReference; lastKnownFileType = sourcecode.swift; path = ShopingCarView.swift; sourceTree = "<group>"; };
		975B77E2281A241500AF96BD /* ShopingCarRemoteDataManager.swift */ = {isa = PBXFileReference; lastKnownFileType = sourcecode.swift; path = ShopingCarRemoteDataManager.swift; sourceTree = "<group>"; };
		975B77E3281A241500AF96BD /* ShopingCarWireFrame.swift */ = {isa = PBXFileReference; lastKnownFileType = sourcecode.swift; path = ShopingCarWireFrame.swift; sourceTree = "<group>"; };
		975B77EB281A241900AF96BD /* ShopingCar.storyboard */ = {isa = PBXFileReference; lastKnownFileType = file.storyboard; path = ShopingCar.storyboard; sourceTree = "<group>"; };
		975B77EF281A242F00AF96BD /* BuyItems.storyboard */ = {isa = PBXFileReference; lastKnownFileType = file.storyboard; path = BuyItems.storyboard; sourceTree = "<group>"; };
		975B77F1281A243700AF96BD /* BuyItemsPresenter.swift */ = {isa = PBXFileReference; lastKnownFileType = sourcecode.swift; path = BuyItemsPresenter.swift; sourceTree = "<group>"; };
		975B77F2281A243700AF96BD /* BuyItemsLocalDataManager.swift */ = {isa = PBXFileReference; lastKnownFileType = sourcecode.swift; path = BuyItemsLocalDataManager.swift; sourceTree = "<group>"; };
		975B77F3281A243700AF96BD /* BuyItemsProtocols.swift */ = {isa = PBXFileReference; lastKnownFileType = sourcecode.swift; path = BuyItemsProtocols.swift; sourceTree = "<group>"; };
		975B77F4281A243700AF96BD /* BuyItemsInteractor.swift */ = {isa = PBXFileReference; lastKnownFileType = sourcecode.swift; path = BuyItemsInteractor.swift; sourceTree = "<group>"; };
		975B77F5281A243700AF96BD /* BuyItemsView.swift */ = {isa = PBXFileReference; lastKnownFileType = sourcecode.swift; path = BuyItemsView.swift; sourceTree = "<group>"; };
		975B77F6281A243700AF96BD /* BuyItemsRemoteDataManager.swift */ = {isa = PBXFileReference; lastKnownFileType = sourcecode.swift; path = BuyItemsRemoteDataManager.swift; sourceTree = "<group>"; };
		975B77F7281A243700AF96BD /* BuyItemsWireFrame.swift */ = {isa = PBXFileReference; lastKnownFileType = sourcecode.swift; path = BuyItemsWireFrame.swift; sourceTree = "<group>"; };
		975B77FF281A244000AF96BD /* CardsPresenter.swift */ = {isa = PBXFileReference; lastKnownFileType = sourcecode.swift; path = CardsPresenter.swift; sourceTree = "<group>"; };
		975B7800281A244000AF96BD /* CardsLocalDataManager.swift */ = {isa = PBXFileReference; lastKnownFileType = sourcecode.swift; path = CardsLocalDataManager.swift; sourceTree = "<group>"; };
		975B7801281A244000AF96BD /* CardsProtocols.swift */ = {isa = PBXFileReference; lastKnownFileType = sourcecode.swift; path = CardsProtocols.swift; sourceTree = "<group>"; };
		975B7802281A244000AF96BD /* CardsInteractor.swift */ = {isa = PBXFileReference; lastKnownFileType = sourcecode.swift; path = CardsInteractor.swift; sourceTree = "<group>"; };
		975B7803281A244000AF96BD /* CardsView.swift */ = {isa = PBXFileReference; lastKnownFileType = sourcecode.swift; path = CardsView.swift; sourceTree = "<group>"; };
		975B7804281A244000AF96BD /* CardsRemoteDataManager.swift */ = {isa = PBXFileReference; lastKnownFileType = sourcecode.swift; path = CardsRemoteDataManager.swift; sourceTree = "<group>"; };
		975B7805281A244000AF96BD /* CardsWireFrame.swift */ = {isa = PBXFileReference; lastKnownFileType = sourcecode.swift; path = CardsWireFrame.swift; sourceTree = "<group>"; };
		975B780D281A245000AF96BD /* Cards.storyboard */ = {isa = PBXFileReference; lastKnownFileType = file.storyboard; path = Cards.storyboard; sourceTree = "<group>"; };
		975B780F281A245C00AF96BD /* ViewPurchases.storyboard */ = {isa = PBXFileReference; lastKnownFileType = file.storyboard; path = ViewPurchases.storyboard; sourceTree = "<group>"; };
		975B7811281A246200AF96BD /* ViewPurchasesPresenter.swift */ = {isa = PBXFileReference; lastKnownFileType = sourcecode.swift; path = ViewPurchasesPresenter.swift; sourceTree = "<group>"; };
		975B7812281A246200AF96BD /* ViewPurchasesLocalDataManager.swift */ = {isa = PBXFileReference; lastKnownFileType = sourcecode.swift; path = ViewPurchasesLocalDataManager.swift; sourceTree = "<group>"; };
		975B7813281A246200AF96BD /* ViewPurchasesProtocols.swift */ = {isa = PBXFileReference; lastKnownFileType = sourcecode.swift; path = ViewPurchasesProtocols.swift; sourceTree = "<group>"; };
		975B7814281A246200AF96BD /* ViewPurchasesInteractor.swift */ = {isa = PBXFileReference; lastKnownFileType = sourcecode.swift; path = ViewPurchasesInteractor.swift; sourceTree = "<group>"; };
		975B7815281A246200AF96BD /* ViewPurchasesView.swift */ = {isa = PBXFileReference; lastKnownFileType = sourcecode.swift; path = ViewPurchasesView.swift; sourceTree = "<group>"; };
		975B7816281A246200AF96BD /* ViewPurchasesRemoteDataManager.swift */ = {isa = PBXFileReference; lastKnownFileType = sourcecode.swift; path = ViewPurchasesRemoteDataManager.swift; sourceTree = "<group>"; };
		975B7817281A246200AF96BD /* ViewPurchasesWireFrame.swift */ = {isa = PBXFileReference; lastKnownFileType = sourcecode.swift; path = ViewPurchasesWireFrame.swift; sourceTree = "<group>"; };
		975B781F281A247C00AF96BD /* ViewProfilePresenter.swift */ = {isa = PBXFileReference; lastKnownFileType = sourcecode.swift; path = ViewProfilePresenter.swift; sourceTree = "<group>"; };
		975B7820281A247C00AF96BD /* ViewProfileLocalDataManager.swift */ = {isa = PBXFileReference; lastKnownFileType = sourcecode.swift; path = ViewProfileLocalDataManager.swift; sourceTree = "<group>"; };
		975B7821281A247C00AF96BD /* ViewProfileProtocols.swift */ = {isa = PBXFileReference; lastKnownFileType = sourcecode.swift; path = ViewProfileProtocols.swift; sourceTree = "<group>"; };
		975B7822281A247C00AF96BD /* ViewProfileInteractor.swift */ = {isa = PBXFileReference; lastKnownFileType = sourcecode.swift; path = ViewProfileInteractor.swift; sourceTree = "<group>"; };
		975B7823281A247C00AF96BD /* ViewProfileView.swift */ = {isa = PBXFileReference; lastKnownFileType = sourcecode.swift; path = ViewProfileView.swift; sourceTree = "<group>"; };
		975B7824281A247C00AF96BD /* ViewProfileRemoteDataManager.swift */ = {isa = PBXFileReference; lastKnownFileType = sourcecode.swift; path = ViewProfileRemoteDataManager.swift; sourceTree = "<group>"; };
		975B7825281A247C00AF96BD /* ViewProfileWireFrame.swift */ = {isa = PBXFileReference; lastKnownFileType = sourcecode.swift; path = ViewProfileWireFrame.swift; sourceTree = "<group>"; };
		975B782D281A248800AF96BD /* ViewProfile.storyboard */ = {isa = PBXFileReference; lastKnownFileType = file.storyboard; path = ViewProfile.storyboard; sourceTree = "<group>"; };
		97901F49281A4CB200E367BB /* MyCards.storyboard */ = {isa = PBXFileReference; lastKnownFileType = file.storyboard; path = MyCards.storyboard; sourceTree = "<group>"; };
		97901F4B281A4CBB00E367BB /* MyCardsPresenter.swift */ = {isa = PBXFileReference; lastKnownFileType = sourcecode.swift; path = MyCardsPresenter.swift; sourceTree = "<group>"; };
		97901F4C281A4CBB00E367BB /* MyCardsLocalDataManager.swift */ = {isa = PBXFileReference; lastKnownFileType = sourcecode.swift; path = MyCardsLocalDataManager.swift; sourceTree = "<group>"; };
		97901F4D281A4CBB00E367BB /* MyCardsProtocols.swift */ = {isa = PBXFileReference; lastKnownFileType = sourcecode.swift; path = MyCardsProtocols.swift; sourceTree = "<group>"; };
		97901F4E281A4CBB00E367BB /* MyCardsInteractor.swift */ = {isa = PBXFileReference; lastKnownFileType = sourcecode.swift; path = MyCardsInteractor.swift; sourceTree = "<group>"; };
		97901F4F281A4CBB00E367BB /* MyCardsView.swift */ = {isa = PBXFileReference; lastKnownFileType = sourcecode.swift; path = MyCardsView.swift; sourceTree = "<group>"; };
		97901F50281A4CBB00E367BB /* MyCardsRemoteDataManager.swift */ = {isa = PBXFileReference; lastKnownFileType = sourcecode.swift; path = MyCardsRemoteDataManager.swift; sourceTree = "<group>"; };
		97901F51281A4CBB00E367BB /* MyCardsWireFrame.swift */ = {isa = PBXFileReference; lastKnownFileType = sourcecode.swift; path = MyCardsWireFrame.swift; sourceTree = "<group>"; };
		97901F59281A4CDA00E367BB /* AddCardsPresenter.swift */ = {isa = PBXFileReference; lastKnownFileType = sourcecode.swift; path = AddCardsPresenter.swift; sourceTree = "<group>"; };
		97901F5A281A4CDA00E367BB /* AddCardsLocalDataManager.swift */ = {isa = PBXFileReference; lastKnownFileType = sourcecode.swift; path = AddCardsLocalDataManager.swift; sourceTree = "<group>"; };
		97901F5B281A4CDA00E367BB /* AddCardsProtocols.swift */ = {isa = PBXFileReference; lastKnownFileType = sourcecode.swift; path = AddCardsProtocols.swift; sourceTree = "<group>"; };
		97901F5C281A4CDA00E367BB /* AddCardsInteractor.swift */ = {isa = PBXFileReference; lastKnownFileType = sourcecode.swift; path = AddCardsInteractor.swift; sourceTree = "<group>"; };
		97901F5D281A4CDA00E367BB /* AddCardsView.swift */ = {isa = PBXFileReference; lastKnownFileType = sourcecode.swift; path = AddCardsView.swift; sourceTree = "<group>"; };
		97901F5E281A4CDA00E367BB /* AddCardsRemoteDataManager.swift */ = {isa = PBXFileReference; lastKnownFileType = sourcecode.swift; path = AddCardsRemoteDataManager.swift; sourceTree = "<group>"; };
		97901F5F281A4CDA00E367BB /* AddCardsWireFrame.swift */ = {isa = PBXFileReference; lastKnownFileType = sourcecode.swift; path = AddCardsWireFrame.swift; sourceTree = "<group>"; };
		97901F67281A4CF000E367BB /* AddCards.storyboard */ = {isa = PBXFileReference; lastKnownFileType = file.storyboard; path = AddCards.storyboard; sourceTree = "<group>"; };
		97901F69281A4D0500E367BB /* DeleteEditCards.storyboard */ = {isa = PBXFileReference; lastKnownFileType = file.storyboard; path = DeleteEditCards.storyboard; sourceTree = "<group>"; };
		97901F6B281A4D0C00E367BB /* DeleteEditCardsPresenter.swift */ = {isa = PBXFileReference; lastKnownFileType = sourcecode.swift; path = DeleteEditCardsPresenter.swift; sourceTree = "<group>"; };
		97901F6C281A4D0C00E367BB /* DeleteEditCardsLocalDataManager.swift */ = {isa = PBXFileReference; lastKnownFileType = sourcecode.swift; path = DeleteEditCardsLocalDataManager.swift; sourceTree = "<group>"; };
		97901F6D281A4D0C00E367BB /* DeleteEditCardsProtocols.swift */ = {isa = PBXFileReference; lastKnownFileType = sourcecode.swift; path = DeleteEditCardsProtocols.swift; sourceTree = "<group>"; };
		97901F6E281A4D0C00E367BB /* DeleteEditCardsInteractor.swift */ = {isa = PBXFileReference; lastKnownFileType = sourcecode.swift; path = DeleteEditCardsInteractor.swift; sourceTree = "<group>"; };
		97901F6F281A4D0C00E367BB /* DeleteEditCardsView.swift */ = {isa = PBXFileReference; lastKnownFileType = sourcecode.swift; path = DeleteEditCardsView.swift; sourceTree = "<group>"; };
		97901F70281A4D0C00E367BB /* DeleteEditCardsRemoteDataManager.swift */ = {isa = PBXFileReference; lastKnownFileType = sourcecode.swift; path = DeleteEditCardsRemoteDataManager.swift; sourceTree = "<group>"; };
		97901F71281A4D0C00E367BB /* DeleteEditCardsWireFrame.swift */ = {isa = PBXFileReference; lastKnownFileType = sourcecode.swift; path = DeleteEditCardsWireFrame.swift; sourceTree = "<group>"; };
		97AF0EAE281E53C5009583F6 /* TabBarNavigationButtons.xib */ = {isa = PBXFileReference; lastKnownFileType = file.xib; path = TabBarNavigationButtons.xib; sourceTree = "<group>"; };
		97AF0EB0281E540E009583F6 /* TabBarNavigationButtons.swift */ = {isa = PBXFileReference; lastKnownFileType = sourcecode.swift; path = TabBarNavigationButtons.swift; sourceTree = "<group>"; };
/* End PBXFileReference section */

/* Begin PBXFrameworksBuildPhase section */
		6A1828FB2819D9FF004984D4 /* Frameworks */ = {
			isa = PBXFrameworksBuildPhase;
			buildActionMask = 2147483647;
			files = (
			);
			runOnlyForDeploymentPostprocessing = 0;
		};
/* End PBXFrameworksBuildPhase section */

/* Begin PBXGroup section */
		6A1828F52819D9FF004984D4 = {
			isa = PBXGroup;
			children = (
				9741ADBB2821909F0073FABF /* ProductoCustomer+CoreDataClass.swift */,
				9741ADBC2821909F0073FABF /* ProductoCustomer+CoreDataProperties.swift */,
				6A1829002819D9FF004984D4 /* ProyectoFinal */,
				6A1828FF2819D9FF004984D4 /* Products */,
			);
			sourceTree = "<group>";
		};
		6A1828FF2819D9FF004984D4 /* Products */ = {
			isa = PBXGroup;
			children = (
				6A1828FE2819D9FF004984D4 /* ProyectoFinal.app */,
			);
			name = Products;
			sourceTree = "<group>";
		};
		6A1829002819D9FF004984D4 /* ProyectoFinal */ = {
			isa = PBXGroup;
			children = (
				9756376E28248C560006C761 /* LoginView */,
				9756375728248A4A0006C761 /* SingUpView */,
				9706B1E0281EE972002023E6 /* SpecificCategory */,
				975B77A6281A227000AF96BD /* DetailProductView */,
				97AF0EAD281E53A5009583F6 /* TabBarNavigationButtons */,
				975B77A9281A234C00AF96BD /* CardPay */,
				97901F48281A4C1F00E367BB /* DeleteEditCards */,
				97901F47281A4C1800E367BB /* AddCards */,
				97901F46281A4C0700E367BB /* MyCards */,
				975B77AB281A237800AF96BD /* ViewProfile */,
				975B77A8281A232100AF96BD /* BuyItems */,
				975B77AA281A235800AF96BD /* ViewPurchases-VerCompras */,
				975B77A7281A22A400AF96BD /* ShopingCar */,
				975B77A5281A226B00AF96BD /* UserAccount */,
				975B77A3281A225500AF96BD /* HomeView */,
				6A1829012819D9FF004984D4 /* AppDelegate.swift */,
				6A1829032819D9FF004984D4 /* SceneDelegate.swift */,
				6A18290D2819DA01004984D4 /* Assets.xcassets */,
				6A18290F2819DA01004984D4 /* LaunchScreen.storyboard */,
				6A1829122819DA01004984D4 /* Info.plist */,
				6A18290A2819D9FF004984D4 /* ProyectoFinal.xcdatamodeld */,
			);
			path = ProyectoFinal;
			sourceTree = "<group>";
		};
		9706B1E0281EE972002023E6 /* SpecificCategory */ = {
			isa = PBXGroup;
			children = (
				9706B1EF281EEB6E002023E6 /* SpecificCategory.storyboard */,
				9706B1E1281EEB64002023E6 /* SpecificCategoryPresenter.swift */,
				9706B1E2281EEB64002023E6 /* SpecificCategoryLocalDataManager.swift */,
				9706B1E3281EEB64002023E6 /* SpecificCategoryProtocols.swift */,
				9706B1E4281EEB64002023E6 /* SpecificCategoryInteractor.swift */,
				9706B1E5281EEB64002023E6 /* SpecificCategoryView.swift */,
				9706B1E6281EEB64002023E6 /* SpecificCategoryRemoteDataManager.swift */,
				9706B1E7281EEB64002023E6 /* SpecificCategoryWireFrame.swift */,
				9706B1F1281F1FEF002023E6 /* ProductsStruct.swift */,
			);
			path = SpecificCategory;
			sourceTree = "<group>";
		};
		97094649281CF0B2005296E8 /* TableViewCell */ = {
			isa = PBXGroup;
			children = (
				97094647281CF07F005296E8 /* HomeTableViewCell.swift */,
			);
			path = TableViewCell;
			sourceTree = "<group>";
		};
		9756375728248A4A0006C761 /* SingUpView */ = {
			isa = PBXGroup;
			children = (
				9756376C28248B8D0006C761 /* SignupView.storyboard */,
				9756375828248A810006C761 /* SignupPresenter.swift */,
				9756375928248A810006C761 /* SignupLocalDataManager.swift */,
				9756375A28248A810006C761 /* SignupProtocols.swift */,
				9756375B28248A810006C761 /* SignupInteractor.swift */,
				9756375C28248A810006C761 /* SignupView.swift */,
				9756375D28248A810006C761 /* SignupRemoteDataManager.swift */,
				9756375E28248A810006C761 /* SignupWireFrame.swift */,
				9756376628248AAC0006C761 /* CheckUser.swift */,
				9756376A28248ADB0006C761 /* UserAdded.swift */,
				9756376828248ACB0006C761 /* ImageAdded.swift */,
			);
			path = SingUpView;
			sourceTree = "<group>";
		};
		9756376E28248C560006C761 /* LoginView */ = {
			isa = PBXGroup;
			children = (
				9756377F28248D250006C761 /* LoginView.storyboard */,
				9756376F28248C630006C761 /* LoginPresenter.swift */,
				9756377028248C630006C761 /* LoginLocalDataManager.swift */,
				9756377128248C630006C761 /* LoginProtocols.swift */,
				9756377228248C630006C761 /* LoginInteractor.swift */,
				9756377328248C630006C761 /* LoginView.swift */,
				9756377428248C630006C761 /* LoginRemoteDataManager.swift */,
				9756377528248C630006C761 /* LoginWireFrame.swift */,
				9756377D28248CDF0006C761 /* Users.swift */,
			);
			path = LoginView;
			sourceTree = "<group>";
		};
		975B77A3281A225500AF96BD /* HomeView */ = {
			isa = PBXGroup;
			children = (
				975B77AD281A23D500AF96BD /* HomeView.storyboard */,
				975B77AF281A23DD00AF96BD /* HomeViewPresenter.swift */,
				975B77B0281A23DD00AF96BD /* HomeViewLocalDataManager.swift */,
				975B77B1281A23DD00AF96BD /* HomeViewProtocols.swift */,
				975B77B2281A23DD00AF96BD /* HomeViewInteractor.swift */,
				975B77B3281A23DD00AF96BD /* HomeViewView.swift */,
				975B77B4281A23DD00AF96BD /* HomeViewRemoteDataManager.swift */,
				975B77B5281A23DD00AF96BD /* HomeViewWireFrame.swift */,
				97094649281CF0B2005296E8 /* TableViewCell */,
				9706B1DE281ECD1B002023E6 /* structCategories.swift */,
			);
			path = HomeView;
			sourceTree = "<group>";
		};
		975B77A5281A226B00AF96BD /* UserAccount */ = {
			isa = PBXGroup;
			children = (
				975B77CB281A23F800AF96BD /* UserAccount.storyboard */,
				975B77BD281A23F300AF96BD /* UserAccountPresenter.swift */,
				975B77BE281A23F300AF96BD /* UserAccountLocalDataManager.swift */,
				975B77BF281A23F300AF96BD /* UserAccountProtocols.swift */,
				975B77C0281A23F300AF96BD /* UserAccountInteractor.swift */,
				975B77C1281A23F300AF96BD /* UserAccountView.swift */,
				975B77C2281A23F300AF96BD /* UserAccountRemoteDataManager.swift */,
				975B77C3281A23F300AF96BD /* UserAccountWireFrame.swift */,
			);
			path = UserAccount;
			sourceTree = "<group>";
		};
		975B77A6281A227000AF96BD /* DetailProductView */ = {
			isa = PBXGroup;
			children = (
				975B77CD281A240200AF96BD /* DetailProductView.storyboard */,
				975B77CF281A240C00AF96BD /* DetailProductViewPresenter.swift */,
				975B77D0281A240C00AF96BD /* DetailProductViewLocalDataManager.swift */,
				975B77D1281A240C00AF96BD /* DetailProductViewProtocols.swift */,
				975B77D2281A240C00AF96BD /* DetailProductViewInteractor.swift */,
				975B77D3281A240C00AF96BD /* DetailProductViewView.swift */,
				975B77D4281A240C00AF96BD /* DetailProductViewRemoteDataManager.swift */,
				975B77D5281A240C00AF96BD /* DetailProductViewWireFrame.swift */,
			);
			path = DetailProductView;
			sourceTree = "<group>";
		};
		975B77A7281A22A400AF96BD /* ShopingCar */ = {
			isa = PBXGroup;
			children = (
				975B77EB281A241900AF96BD /* ShopingCar.storyboard */,
				975B77DD281A241500AF96BD /* ShopingCarPresenter.swift */,
				975B77DE281A241500AF96BD /* ShopingCarLocalDataManager.swift */,
				975B77DF281A241500AF96BD /* ShopingCarProtocols.swift */,
				975B77E0281A241500AF96BD /* ShopingCarInteractor.swift */,
				975B77E1281A241500AF96BD /* ShopingCarView.swift */,
				975B77E2281A241500AF96BD /* ShopingCarRemoteDataManager.swift */,
				975B77E3281A241500AF96BD /* ShopingCarWireFrame.swift */,
			);
			path = ShopingCar;
			sourceTree = "<group>";
		};
		975B77A8281A232100AF96BD /* BuyItems */ = {
			isa = PBXGroup;
			children = (
				975B77EF281A242F00AF96BD /* BuyItems.storyboard */,
				975B77F1281A243700AF96BD /* BuyItemsPresenter.swift */,
				975B77F2281A243700AF96BD /* BuyItemsLocalDataManager.swift */,
				975B77F3281A243700AF96BD /* BuyItemsProtocols.swift */,
				975B77F4281A243700AF96BD /* BuyItemsInteractor.swift */,
				975B77F5281A243700AF96BD /* BuyItemsView.swift */,
				975B77F6281A243700AF96BD /* BuyItemsRemoteDataManager.swift */,
				975B77F7281A243700AF96BD /* BuyItemsWireFrame.swift */,
			);
			path = BuyItems;
			sourceTree = "<group>";
		};
		975B77A9281A234C00AF96BD /* CardPay */ = {
			isa = PBXGroup;
			children = (
				975B780D281A245000AF96BD /* Cards.storyboard */,
				975B77FF281A244000AF96BD /* CardsPresenter.swift */,
				975B7800281A244000AF96BD /* CardsLocalDataManager.swift */,
				975B7801281A244000AF96BD /* CardsProtocols.swift */,
				975B7802281A244000AF96BD /* CardsInteractor.swift */,
				975B7803281A244000AF96BD /* CardsView.swift */,
				975B7804281A244000AF96BD /* CardsRemoteDataManager.swift */,
				975B7805281A244000AF96BD /* CardsWireFrame.swift */,
			);
			path = CardPay;
			sourceTree = "<group>";
		};
		975B77AA281A235800AF96BD /* ViewPurchases-VerCompras */ = {
			isa = PBXGroup;
			children = (
				975B780F281A245C00AF96BD /* ViewPurchases.storyboard */,
				975B7811281A246200AF96BD /* ViewPurchasesPresenter.swift */,
				975B7812281A246200AF96BD /* ViewPurchasesLocalDataManager.swift */,
				975B7813281A246200AF96BD /* ViewPurchasesProtocols.swift */,
				975B7814281A246200AF96BD /* ViewPurchasesInteractor.swift */,
				975B7815281A246200AF96BD /* ViewPurchasesView.swift */,
				975B7816281A246200AF96BD /* ViewPurchasesRemoteDataManager.swift */,
				975B7817281A246200AF96BD /* ViewPurchasesWireFrame.swift */,
			);
			path = "ViewPurchases-VerCompras";
			sourceTree = "<group>";
		};
		975B77AB281A237800AF96BD /* ViewProfile */ = {
			isa = PBXGroup;
			children = (
				975B782D281A248800AF96BD /* ViewProfile.storyboard */,
				975B781F281A247C00AF96BD /* ViewProfilePresenter.swift */,
				975B7820281A247C00AF96BD /* ViewProfileLocalDataManager.swift */,
				975B7821281A247C00AF96BD /* ViewProfileProtocols.swift */,
				975B7822281A247C00AF96BD /* ViewProfileInteractor.swift */,
				975B7823281A247C00AF96BD /* ViewProfileView.swift */,
				975B7824281A247C00AF96BD /* ViewProfileRemoteDataManager.swift */,
				975B7825281A247C00AF96BD /* ViewProfileWireFrame.swift */,
			);
			path = ViewProfile;
			sourceTree = "<group>";
		};
		97901F46281A4C0700E367BB /* MyCards */ = {
			isa = PBXGroup;
			children = (
				97901F49281A4CB200E367BB /* MyCards.storyboard */,
				97901F4B281A4CBB00E367BB /* MyCardsPresenter.swift */,
				97901F4C281A4CBB00E367BB /* MyCardsLocalDataManager.swift */,
				97901F4D281A4CBB00E367BB /* MyCardsProtocols.swift */,
				97901F4E281A4CBB00E367BB /* MyCardsInteractor.swift */,
				97901F4F281A4CBB00E367BB /* MyCardsView.swift */,
				97901F50281A4CBB00E367BB /* MyCardsRemoteDataManager.swift */,
				97901F51281A4CBB00E367BB /* MyCardsWireFrame.swift */,
			);
			path = MyCards;
			sourceTree = "<group>";
		};
		97901F47281A4C1800E367BB /* AddCards */ = {
			isa = PBXGroup;
			children = (
				97901F67281A4CF000E367BB /* AddCards.storyboard */,
				97901F59281A4CDA00E367BB /* AddCardsPresenter.swift */,
				97901F5A281A4CDA00E367BB /* AddCardsLocalDataManager.swift */,
				97901F5B281A4CDA00E367BB /* AddCardsProtocols.swift */,
				97901F5C281A4CDA00E367BB /* AddCardsInteractor.swift */,
				97901F5D281A4CDA00E367BB /* AddCardsView.swift */,
				97901F5E281A4CDA00E367BB /* AddCardsRemoteDataManager.swift */,
				97901F5F281A4CDA00E367BB /* AddCardsWireFrame.swift */,
			);
			path = AddCards;
			sourceTree = "<group>";
		};
		97901F48281A4C1F00E367BB /* DeleteEditCards */ = {
			isa = PBXGroup;
			children = (
				97901F69281A4D0500E367BB /* DeleteEditCards.storyboard */,
				97901F6B281A4D0C00E367BB /* DeleteEditCardsPresenter.swift */,
				97901F6C281A4D0C00E367BB /* DeleteEditCardsLocalDataManager.swift */,
				97901F6D281A4D0C00E367BB /* DeleteEditCardsProtocols.swift */,
				97901F6E281A4D0C00E367BB /* DeleteEditCardsInteractor.swift */,
				97901F6F281A4D0C00E367BB /* DeleteEditCardsView.swift */,
				97901F70281A4D0C00E367BB /* DeleteEditCardsRemoteDataManager.swift */,
				97901F71281A4D0C00E367BB /* DeleteEditCardsWireFrame.swift */,
			);
			path = DeleteEditCards;
			sourceTree = "<group>";
		};
		97AF0EAD281E53A5009583F6 /* TabBarNavigationButtons */ = {
			isa = PBXGroup;
			children = (
				97AF0EAE281E53C5009583F6 /* TabBarNavigationButtons.xib */,
				97AF0EB0281E540E009583F6 /* TabBarNavigationButtons.swift */,
			);
			path = TabBarNavigationButtons;
			sourceTree = "<group>";
		};
/* End PBXGroup section */

/* Begin PBXNativeTarget section */
		6A1828FD2819D9FF004984D4 /* ProyectoFinal */ = {
			isa = PBXNativeTarget;
			buildConfigurationList = 6A1829152819DA01004984D4 /* Build configuration list for PBXNativeTarget "ProyectoFinal" */;
			buildPhases = (
				6A1828FA2819D9FF004984D4 /* Sources */,
				6A1828FB2819D9FF004984D4 /* Frameworks */,
				6A1828FC2819D9FF004984D4 /* Resources */,
			);
			buildRules = (
			);
			dependencies = (
			);
			name = ProyectoFinal;
			productName = ProyectoFinal;
			productReference = 6A1828FE2819D9FF004984D4 /* ProyectoFinal.app */;
			productType = "com.apple.product-type.application";
		};
/* End PBXNativeTarget section */

/* Begin PBXProject section */
		6A1828F62819D9FF004984D4 /* Project object */ = {
			isa = PBXProject;
			attributes = {
				BuildIndependentTargetsInParallel = 1;
				LastSwiftUpdateCheck = 1330;
				LastUpgradeCheck = 1330;
				TargetAttributes = {
					6A1828FD2819D9FF004984D4 = {
						CreatedOnToolsVersion = 13.3.1;
					};
				};
			};
			buildConfigurationList = 6A1828F92819D9FF004984D4 /* Build configuration list for PBXProject "ProyectoFinal" */;
			compatibilityVersion = "Xcode 13.0";
			developmentRegion = en;
			hasScannedForEncodings = 0;
			knownRegions = (
				en,
				Base,
			);
			mainGroup = 6A1828F52819D9FF004984D4;
			productRefGroup = 6A1828FF2819D9FF004984D4 /* Products */;
			projectDirPath = "";
			projectRoot = "";
			targets = (
				6A1828FD2819D9FF004984D4 /* ProyectoFinal */,
			);
		};
/* End PBXProject section */

/* Begin PBXResourcesBuildPhase section */
		6A1828FC2819D9FF004984D4 /* Resources */ = {
			isa = PBXResourcesBuildPhase;
			buildActionMask = 2147483647;
			files = (
				97901F68281A4CF000E367BB /* AddCards.storyboard in Resources */,
				975B77AE281A23D500AF96BD /* HomeView.storyboard in Resources */,
				9706B1F0281EEB6E002023E6 /* SpecificCategory.storyboard in Resources */,
				975B77F0281A242F00AF96BD /* BuyItems.storyboard in Resources */,
				97901F6A281A4D0500E367BB /* DeleteEditCards.storyboard in Resources */,
				975B77CC281A23F800AF96BD /* UserAccount.storyboard in Resources */,
				97AF0EAF281E53C5009583F6 /* TabBarNavigationButtons.xib in Resources */,
				9756378028248D250006C761 /* LoginView.storyboard in Resources */,
				975B782E281A248800AF96BD /* ViewProfile.storyboard in Resources */,
				6A1829112819DA01004984D4 /* LaunchScreen.storyboard in Resources */,
				975B780E281A245000AF96BD /* Cards.storyboard in Resources */,
				6A18290E2819DA01004984D4 /* Assets.xcassets in Resources */,
				975B7810281A245C00AF96BD /* ViewPurchases.storyboard in Resources */,
				975B77EC281A241900AF96BD /* ShopingCar.storyboard in Resources */,
				9756376D28248B8D0006C761 /* SignupView.storyboard in Resources */,
				97901F4A281A4CB200E367BB /* MyCards.storyboard in Resources */,
				975B77CE281A240200AF96BD /* DetailProductView.storyboard in Resources */,
			);
			runOnlyForDeploymentPostprocessing = 0;
		};
/* End PBXResourcesBuildPhase section */

/* Begin PBXSourcesBuildPhase section */
		6A1828FA2819D9FF004984D4 /* Sources */ = {
			isa = PBXSourcesBuildPhase;
			buildActionMask = 2147483647;
			files = (
				975B77DC281A240C00AF96BD /* DetailProductViewWireFrame.swift in Sources */,
				975B77BC281A23DD00AF96BD /* HomeViewWireFrame.swift in Sources */,
				975B7828281A247C00AF96BD /* ViewProfileProtocols.swift in Sources */,
				975B77FC281A243700AF96BD /* BuyItemsView.swift in Sources */,
				975B77E5281A241500AF96BD /* ShopingCarLocalDataManager.swift in Sources */,
				975B7827281A247C00AF96BD /* ViewProfileLocalDataManager.swift in Sources */,
				975B77B7281A23DD00AF96BD /* HomeViewLocalDataManager.swift in Sources */,
				97901F54281A4CBB00E367BB /* MyCardsProtocols.swift in Sources */,
				9756377628248C630006C761 /* LoginPresenter.swift in Sources */,
				975B781A281A246200AF96BD /* ViewPurchasesProtocols.swift in Sources */,
				975B77DA281A240C00AF96BD /* DetailProductViewView.swift in Sources */,
				9756377828248C630006C761 /* LoginProtocols.swift in Sources */,
				975B7808281A244000AF96BD /* CardsProtocols.swift in Sources */,
				9756377928248C630006C761 /* LoginInteractor.swift in Sources */,
				97901F61281A4CDA00E367BB /* AddCardsLocalDataManager.swift in Sources */,
				975B77C9281A23F300AF96BD /* UserAccountRemoteDataManager.swift in Sources */,
				97901F62281A4CDA00E367BB /* AddCardsProtocols.swift in Sources */,
				97901F53281A4CBB00E367BB /* MyCardsLocalDataManager.swift in Sources */,
				97094648281CF07F005296E8 /* HomeTableViewCell.swift in Sources */,
				9756377B28248C630006C761 /* LoginRemoteDataManager.swift in Sources */,
				975B77D9281A240C00AF96BD /* DetailProductViewInteractor.swift in Sources */,
				6A18290C2819D9FF004984D4 /* ProyectoFinal.xcdatamodeld in Sources */,
				97901F78281A4D0C00E367BB /* DeleteEditCardsWireFrame.swift in Sources */,
				975B7809281A244000AF96BD /* CardsInteractor.swift in Sources */,
				975B782B281A247C00AF96BD /* ViewProfileRemoteDataManager.swift in Sources */,
				9756377E28248CDF0006C761 /* Users.swift in Sources */,
				975B7826281A247C00AF96BD /* ViewProfilePresenter.swift in Sources */,
				975B77C8281A23F300AF96BD /* UserAccountView.swift in Sources */,
				975B77F9281A243700AF96BD /* BuyItemsLocalDataManager.swift in Sources */,
				9756375F28248A810006C761 /* SignupPresenter.swift in Sources */,
				975B7807281A244000AF96BD /* CardsLocalDataManager.swift in Sources */,
				975B780A281A244000AF96BD /* CardsView.swift in Sources */,
				6A1829022819D9FF004984D4 /* AppDelegate.swift in Sources */,
				975B77E7281A241500AF96BD /* ShopingCarInteractor.swift in Sources */,
				97901F55281A4CBB00E367BB /* MyCardsInteractor.swift in Sources */,
				975B7806281A244000AF96BD /* CardsPresenter.swift in Sources */,
				975B781D281A246200AF96BD /* ViewPurchasesRemoteDataManager.swift in Sources */,
				975B77C5281A23F300AF96BD /* UserAccountLocalDataManager.swift in Sources */,
				97901F77281A4D0C00E367BB /* DeleteEditCardsRemoteDataManager.swift in Sources */,
				975B77FA281A243700AF96BD /* BuyItemsProtocols.swift in Sources */,
				975B782C281A247C00AF96BD /* ViewProfileWireFrame.swift in Sources */,
				975B77C4281A23F300AF96BD /* UserAccountPresenter.swift in Sources */,
				97901F73281A4D0C00E367BB /* DeleteEditCardsLocalDataManager.swift in Sources */,
				97901F65281A4CDA00E367BB /* AddCardsRemoteDataManager.swift in Sources */,
				9756376728248AAC0006C761 /* CheckUser.swift in Sources */,
				975B77BB281A23DD00AF96BD /* HomeViewRemoteDataManager.swift in Sources */,
				975B781B281A246200AF96BD /* ViewPurchasesInteractor.swift in Sources */,
				975B77B9281A23DD00AF96BD /* HomeViewInteractor.swift in Sources */,
				975B782A281A247C00AF96BD /* ViewProfileView.swift in Sources */,
				975B781E281A246200AF96BD /* ViewPurchasesWireFrame.swift in Sources */,
				97901F58281A4CBB00E367BB /* MyCardsWireFrame.swift in Sources */,
				9706B1EE281EEB64002023E6 /* SpecificCategoryWireFrame.swift in Sources */,
				975B77FE281A243700AF96BD /* BuyItemsWireFrame.swift in Sources */,
				975B77D8281A240C00AF96BD /* DetailProductViewProtocols.swift in Sources */,
				9756376528248A810006C761 /* SignupWireFrame.swift in Sources */,
				975B780B281A244000AF96BD /* CardsRemoteDataManager.swift in Sources */,
				975B77CA281A23F300AF96BD /* UserAccountWireFrame.swift in Sources */,
				97901F57281A4CBB00E367BB /* MyCardsRemoteDataManager.swift in Sources */,
				975B7819281A246200AF96BD /* ViewPurchasesLocalDataManager.swift in Sources */,
				9706B1E8281EEB64002023E6 /* SpecificCategoryPresenter.swift in Sources */,
				975B77BA281A23DD00AF96BD /* HomeViewView.swift in Sources */,
				9756376928248ACB0006C761 /* ImageAdded.swift in Sources */,
				975B780C281A244000AF96BD /* CardsWireFrame.swift in Sources */,
				975B77FB281A243700AF96BD /* BuyItemsInteractor.swift in Sources */,
				975B77FD281A243700AF96BD /* BuyItemsRemoteDataManager.swift in Sources */,
				97901F75281A4D0C00E367BB /* DeleteEditCardsInteractor.swift in Sources */,
				975B77D7281A240C00AF96BD /* DetailProductViewLocalDataManager.swift in Sources */,
				9706B1DF281ECD1B002023E6 /* structCategories.swift in Sources */,
				97901F76281A4D0C00E367BB /* DeleteEditCardsView.swift in Sources */,
				97901F74281A4D0C00E367BB /* DeleteEditCardsProtocols.swift in Sources */,
				9741ADBD2821909F0073FABF /* ProductoCustomer+CoreDataClass.swift in Sources */,
				9756376028248A810006C761 /* SignupLocalDataManager.swift in Sources */,
				9706B1ED281EEB64002023E6 /* SpecificCategoryRemoteDataManager.swift in Sources */,
				97901F60281A4CDA00E367BB /* AddCardsPresenter.swift in Sources */,
				975B7818281A246200AF96BD /* ViewPurchasesPresenter.swift in Sources */,
				97901F72281A4D0C00E367BB /* DeleteEditCardsPresenter.swift in Sources */,
				975B77C7281A23F300AF96BD /* UserAccountInteractor.swift in Sources */,
				975B77DB281A240C00AF96BD /* DetailProductViewRemoteDataManager.swift in Sources */,
				9756376B28248ADB0006C761 /* UserAdded.swift in Sources */,
				975B77E9281A241500AF96BD /* ShopingCarRemoteDataManager.swift in Sources */,
				9706B1EB281EEB64002023E6 /* SpecificCategoryInteractor.swift in Sources */,
				975B77EA281A241500AF96BD /* ShopingCarWireFrame.swift in Sources */,
				9706B1EC281EEB64002023E6 /* SpecificCategoryView.swift in Sources */,
				9706B1EA281EEB64002023E6 /* SpecificCategoryProtocols.swift in Sources */,
				9756376128248A810006C761 /* SignupProtocols.swift in Sources */,
				975B77B8281A23DD00AF96BD /* HomeViewProtocols.swift in Sources */,
				975B77B6281A23DD00AF96BD /* HomeViewPresenter.swift in Sources */,
				975B77E4281A241500AF96BD /* ShopingCarPresenter.swift in Sources */,
				975B77C6281A23F300AF96BD /* UserAccountProtocols.swift in Sources */,
				97901F64281A4CDA00E367BB /* AddCardsView.swift in Sources */,
				97901F52281A4CBB00E367BB /* MyCardsPresenter.swift in Sources */,
				975B77E6281A241500AF96BD /* ShopingCarProtocols.swift in Sources */,
				975B77F8281A243700AF96BD /* BuyItemsPresenter.swift in Sources */,
				9756376328248A810006C761 /* SignupView.swift in Sources */,
				9756376228248A810006C761 /* SignupInteractor.swift in Sources */,
				97901F56281A4CBB00E367BB /* MyCardsView.swift in Sources */,
				975B781C281A246200AF96BD /* ViewPurchasesView.swift in Sources */,
				975B77E8281A241500AF96BD /* ShopingCarView.swift in Sources */,
				9741ADBE2821909F0073FABF /* ProductoCustomer+CoreDataProperties.swift in Sources */,
				975B7829281A247C00AF96BD /* ViewProfileInteractor.swift in Sources */,
				97AF0EB1281E540E009583F6 /* TabBarNavigationButtons.swift in Sources */,
				975B77D6281A240C00AF96BD /* DetailProductViewPresenter.swift in Sources */,
				9756376428248A810006C761 /* SignupRemoteDataManager.swift in Sources */,
				9706B1E9281EEB64002023E6 /* SpecificCategoryLocalDataManager.swift in Sources */,
				9756377A28248C630006C761 /* LoginView.swift in Sources */,
				9756377C28248C630006C761 /* LoginWireFrame.swift in Sources */,
				9706B1F2281F1FEF002023E6 /* ProductsStruct.swift in Sources */,
				97901F66281A4CDA00E367BB /* AddCardsWireFrame.swift in Sources */,
				97901F63281A4CDA00E367BB /* AddCardsInteractor.swift in Sources */,
				6A1829042819D9FF004984D4 /* SceneDelegate.swift in Sources */,
				9756377728248C630006C761 /* LoginLocalDataManager.swift in Sources */,
			);
			runOnlyForDeploymentPostprocessing = 0;
		};
/* End PBXSourcesBuildPhase section */

/* Begin PBXVariantGroup section */
		6A18290F2819DA01004984D4 /* LaunchScreen.storyboard */ = {
			isa = PBXVariantGroup;
			children = (
				6A1829102819DA01004984D4 /* Base */,
			);
			name = LaunchScreen.storyboard;
			sourceTree = "<group>";
		};
/* End PBXVariantGroup section */

/* Begin XCBuildConfiguration section */
		6A1829132819DA01004984D4 /* Debug */ = {
			isa = XCBuildConfiguration;
			buildSettings = {
				ALWAYS_SEARCH_USER_PATHS = NO;
				CLANG_ANALYZER_NONNULL = YES;
				CLANG_ANALYZER_NUMBER_OBJECT_CONVERSION = YES_AGGRESSIVE;
				CLANG_CXX_LANGUAGE_STANDARD = "gnu++17";
				CLANG_ENABLE_MODULES = YES;
				CLANG_ENABLE_OBJC_ARC = YES;
				CLANG_ENABLE_OBJC_WEAK = YES;
				CLANG_WARN_BLOCK_CAPTURE_AUTORELEASING = YES;
				CLANG_WARN_BOOL_CONVERSION = YES;
				CLANG_WARN_COMMA = YES;
				CLANG_WARN_CONSTANT_CONVERSION = YES;
				CLANG_WARN_DEPRECATED_OBJC_IMPLEMENTATIONS = YES;
				CLANG_WARN_DIRECT_OBJC_ISA_USAGE = YES_ERROR;
				CLANG_WARN_DOCUMENTATION_COMMENTS = YES;
				CLANG_WARN_EMPTY_BODY = YES;
				CLANG_WARN_ENUM_CONVERSION = YES;
				CLANG_WARN_INFINITE_RECURSION = YES;
				CLANG_WARN_INT_CONVERSION = YES;
				CLANG_WARN_NON_LITERAL_NULL_CONVERSION = YES;
				CLANG_WARN_OBJC_IMPLICIT_RETAIN_SELF = YES;
				CLANG_WARN_OBJC_LITERAL_CONVERSION = YES;
				CLANG_WARN_OBJC_ROOT_CLASS = YES_ERROR;
				CLANG_WARN_QUOTED_INCLUDE_IN_FRAMEWORK_HEADER = YES;
				CLANG_WARN_RANGE_LOOP_ANALYSIS = YES;
				CLANG_WARN_STRICT_PROTOTYPES = YES;
				CLANG_WARN_SUSPICIOUS_MOVE = YES;
				CLANG_WARN_UNGUARDED_AVAILABILITY = YES_AGGRESSIVE;
				CLANG_WARN_UNREACHABLE_CODE = YES;
				CLANG_WARN__DUPLICATE_METHOD_MATCH = YES;
				COPY_PHASE_STRIP = NO;
				DEBUG_INFORMATION_FORMAT = dwarf;
				ENABLE_STRICT_OBJC_MSGSEND = YES;
				ENABLE_TESTABILITY = YES;
				GCC_C_LANGUAGE_STANDARD = gnu11;
				GCC_DYNAMIC_NO_PIC = NO;
				GCC_NO_COMMON_BLOCKS = YES;
				GCC_OPTIMIZATION_LEVEL = 0;
				GCC_PREPROCESSOR_DEFINITIONS = (
					"DEBUG=1",
					"$(inherited)",
				);
				GCC_WARN_64_TO_32_BIT_CONVERSION = YES;
				GCC_WARN_ABOUT_RETURN_TYPE = YES_ERROR;
				GCC_WARN_UNDECLARED_SELECTOR = YES;
				GCC_WARN_UNINITIALIZED_AUTOS = YES_AGGRESSIVE;
				GCC_WARN_UNUSED_FUNCTION = YES;
				GCC_WARN_UNUSED_VARIABLE = YES;
				IPHONEOS_DEPLOYMENT_TARGET = 15.4;
				MTL_ENABLE_DEBUG_INFO = INCLUDE_SOURCE;
				MTL_FAST_MATH = YES;
				ONLY_ACTIVE_ARCH = YES;
				SDKROOT = iphoneos;
				SWIFT_ACTIVE_COMPILATION_CONDITIONS = DEBUG;
				SWIFT_OPTIMIZATION_LEVEL = "-Onone";
			};
			name = Debug;
		};
		6A1829142819DA01004984D4 /* Release */ = {
			isa = XCBuildConfiguration;
			buildSettings = {
				ALWAYS_SEARCH_USER_PATHS = NO;
				CLANG_ANALYZER_NONNULL = YES;
				CLANG_ANALYZER_NUMBER_OBJECT_CONVERSION = YES_AGGRESSIVE;
				CLANG_CXX_LANGUAGE_STANDARD = "gnu++17";
				CLANG_ENABLE_MODULES = YES;
				CLANG_ENABLE_OBJC_ARC = YES;
				CLANG_ENABLE_OBJC_WEAK = YES;
				CLANG_WARN_BLOCK_CAPTURE_AUTORELEASING = YES;
				CLANG_WARN_BOOL_CONVERSION = YES;
				CLANG_WARN_COMMA = YES;
				CLANG_WARN_CONSTANT_CONVERSION = YES;
				CLANG_WARN_DEPRECATED_OBJC_IMPLEMENTATIONS = YES;
				CLANG_WARN_DIRECT_OBJC_ISA_USAGE = YES_ERROR;
				CLANG_WARN_DOCUMENTATION_COMMENTS = YES;
				CLANG_WARN_EMPTY_BODY = YES;
				CLANG_WARN_ENUM_CONVERSION = YES;
				CLANG_WARN_INFINITE_RECURSION = YES;
				CLANG_WARN_INT_CONVERSION = YES;
				CLANG_WARN_NON_LITERAL_NULL_CONVERSION = YES;
				CLANG_WARN_OBJC_IMPLICIT_RETAIN_SELF = YES;
				CLANG_WARN_OBJC_LITERAL_CONVERSION = YES;
				CLANG_WARN_OBJC_ROOT_CLASS = YES_ERROR;
				CLANG_WARN_QUOTED_INCLUDE_IN_FRAMEWORK_HEADER = YES;
				CLANG_WARN_RANGE_LOOP_ANALYSIS = YES;
				CLANG_WARN_STRICT_PROTOTYPES = YES;
				CLANG_WARN_SUSPICIOUS_MOVE = YES;
				CLANG_WARN_UNGUARDED_AVAILABILITY = YES_AGGRESSIVE;
				CLANG_WARN_UNREACHABLE_CODE = YES;
				CLANG_WARN__DUPLICATE_METHOD_MATCH = YES;
				COPY_PHASE_STRIP = NO;
				DEBUG_INFORMATION_FORMAT = "dwarf-with-dsym";
				ENABLE_NS_ASSERTIONS = NO;
				ENABLE_STRICT_OBJC_MSGSEND = YES;
				GCC_C_LANGUAGE_STANDARD = gnu11;
				GCC_NO_COMMON_BLOCKS = YES;
				GCC_WARN_64_TO_32_BIT_CONVERSION = YES;
				GCC_WARN_ABOUT_RETURN_TYPE = YES_ERROR;
				GCC_WARN_UNDECLARED_SELECTOR = YES;
				GCC_WARN_UNINITIALIZED_AUTOS = YES_AGGRESSIVE;
				GCC_WARN_UNUSED_FUNCTION = YES;
				GCC_WARN_UNUSED_VARIABLE = YES;
				IPHONEOS_DEPLOYMENT_TARGET = 15.4;
				MTL_ENABLE_DEBUG_INFO = NO;
				MTL_FAST_MATH = YES;
				SDKROOT = iphoneos;
				SWIFT_COMPILATION_MODE = wholemodule;
				SWIFT_OPTIMIZATION_LEVEL = "-O";
				VALIDATE_PRODUCT = YES;
			};
			name = Release;
		};
		6A1829162819DA01004984D4 /* Debug */ = {
			isa = XCBuildConfiguration;
			buildSettings = {
				ASSETCATALOG_COMPILER_APPICON_NAME = AppIcon;
				ASSETCATALOG_COMPILER_GLOBAL_ACCENT_COLOR_NAME = AccentColor;
				CODE_SIGN_STYLE = Automatic;
				CURRENT_PROJECT_VERSION = 1;
				DEVELOPMENT_TEAM = 24P2M7WZ4S;
				GENERATE_INFOPLIST_FILE = YES;
				INFOPLIST_FILE = ProyectoFinal/Info.plist;
				INFOPLIST_KEY_UIApplicationSupportsIndirectInputEvents = YES;
				INFOPLIST_KEY_UILaunchStoryboardName = LaunchScreen;
				INFOPLIST_KEY_UISupportedInterfaceOrientations_iPad = "UIInterfaceOrientationPortrait UIInterfaceOrientationPortraitUpsideDown UIInterfaceOrientationLandscapeLeft UIInterfaceOrientationLandscapeRight";
				INFOPLIST_KEY_UISupportedInterfaceOrientations_iPhone = "UIInterfaceOrientationPortrait UIInterfaceOrientationLandscapeLeft UIInterfaceOrientationLandscapeRight";
				LD_RUNPATH_SEARCH_PATHS = (
					"$(inherited)",
					"@executable_path/Frameworks",
				);
				MARKETING_VERSION = 1.0;
				PRODUCT_BUNDLE_IDENTIFIER = com.AlejandroBrito.ProyectoFinal;
				PRODUCT_NAME = "$(TARGET_NAME)";
				SWIFT_EMIT_LOC_STRINGS = YES;
				SWIFT_VERSION = 5.0;
				TARGETED_DEVICE_FAMILY = "1,2";
			};
			name = Debug;
		};
		6A1829172819DA01004984D4 /* Release */ = {
			isa = XCBuildConfiguration;
			buildSettings = {
				ASSETCATALOG_COMPILER_APPICON_NAME = AppIcon;
				ASSETCATALOG_COMPILER_GLOBAL_ACCENT_COLOR_NAME = AccentColor;
				CODE_SIGN_STYLE = Automatic;
				CURRENT_PROJECT_VERSION = 1;
				DEVELOPMENT_TEAM = 24P2M7WZ4S;
				GENERATE_INFOPLIST_FILE = YES;
				INFOPLIST_FILE = ProyectoFinal/Info.plist;
				INFOPLIST_KEY_UIApplicationSupportsIndirectInputEvents = YES;
				INFOPLIST_KEY_UILaunchStoryboardName = LaunchScreen;
				INFOPLIST_KEY_UISupportedInterfaceOrientations_iPad = "UIInterfaceOrientationPortrait UIInterfaceOrientationPortraitUpsideDown UIInterfaceOrientationLandscapeLeft UIInterfaceOrientationLandscapeRight";
				INFOPLIST_KEY_UISupportedInterfaceOrientations_iPhone = "UIInterfaceOrientationPortrait UIInterfaceOrientationLandscapeLeft UIInterfaceOrientationLandscapeRight";
				LD_RUNPATH_SEARCH_PATHS = (
					"$(inherited)",
					"@executable_path/Frameworks",
				);
				MARKETING_VERSION = 1.0;
				PRODUCT_BUNDLE_IDENTIFIER = com.AlejandroBrito.ProyectoFinal;
				PRODUCT_NAME = "$(TARGET_NAME)";
				SWIFT_EMIT_LOC_STRINGS = YES;
				SWIFT_VERSION = 5.0;
				TARGETED_DEVICE_FAMILY = "1,2";
			};
			name = Release;
		};
/* End XCBuildConfiguration section */

/* Begin XCConfigurationList section */
		6A1828F92819D9FF004984D4 /* Build configuration list for PBXProject "ProyectoFinal" */ = {
			isa = XCConfigurationList;
			buildConfigurations = (
				6A1829132819DA01004984D4 /* Debug */,
				6A1829142819DA01004984D4 /* Release */,
			);
			defaultConfigurationIsVisible = 0;
			defaultConfigurationName = Release;
		};
		6A1829152819DA01004984D4 /* Build configuration list for PBXNativeTarget "ProyectoFinal" */ = {
			isa = XCConfigurationList;
			buildConfigurations = (
				6A1829162819DA01004984D4 /* Debug */,
				6A1829172819DA01004984D4 /* Release */,
			);
			defaultConfigurationIsVisible = 0;
			defaultConfigurationName = Release;
		};
/* End XCConfigurationList section */

/* Begin XCVersionGroup section */
		6A18290A2819D9FF004984D4 /* ProyectoFinal.xcdatamodeld */ = {
			isa = XCVersionGroup;
			children = (
				6A18290B2819D9FF004984D4 /* ProyectoFinal.xcdatamodel */,
			);
			currentVersion = 6A18290B2819D9FF004984D4 /* ProyectoFinal.xcdatamodel */;
			path = ProyectoFinal.xcdatamodeld;
			sourceTree = "<group>";
			versionGroupType = wrapper.xcdatamodel;
		};
/* End XCVersionGroup section */
	};
	rootObject = 6A1828F62819D9FF004984D4 /* Project object */;
}
