// !$*UTF8*$!
{
	archiveVersion = 1;
	classes = {
	};
	objectVersion = 55;
	objects = {

/* Begin PBXBuildFile section */
		6A1829022819D9FF004984D4 /* AppDelegate.swift in Sources */ = {isa = PBXBuildFile; fileRef = 6A1829012819D9FF004984D4 /* AppDelegate.swift */; };
		6A1829042819D9FF004984D4 /* SceneDelegate.swift in Sources */ = {isa = PBXBuildFile; fileRef = 6A1829032819D9FF004984D4 /* SceneDelegate.swift */; };
		6A18290C2819D9FF004984D4 /* ProyectoFinal.xcdatamodeld in Sources */ = {isa = PBXBuildFile; fileRef = 6A18290A2819D9FF004984D4 /* ProyectoFinal.xcdatamodeld */; };
		6A18290E2819DA01004984D4 /* Assets.xcassets in Resources */ = {isa = PBXBuildFile; fileRef = 6A18290D2819DA01004984D4 /* Assets.xcassets */; };
		6A1829112819DA01004984D4 /* LaunchScreen.storyboard in Resources */ = {isa = PBXBuildFile; fileRef = 6A18290F2819DA01004984D4 /* LaunchScreen.storyboard */; };
		6A890755281B775B0017D87F /* CheckUser.swift in Sources */ = {isa = PBXBuildFile; fileRef = 6A890754281B775B0017D87F /* CheckUser.swift */; };
		6A890757281B8BBF0017D87F /* UserAdded.swift in Sources */ = {isa = PBXBuildFile; fileRef = 6A890756281B8BBF0017D87F /* UserAdded.swift */; };
		6A890759281C837C0017D87F /* ImageAdded.swift in Sources */ = {isa = PBXBuildFile; fileRef = 6A890758281C837B0017D87F /* ImageAdded.swift */; };
		6A8EF5562819FE5200F35C37 /* LoginPresenter.swift in Sources */ = {isa = PBXBuildFile; fileRef = 6A8EF54F2819FE5200F35C37 /* LoginPresenter.swift */; };
		6A8EF5572819FE5200F35C37 /* LoginLocalDataManager.swift in Sources */ = {isa = PBXBuildFile; fileRef = 6A8EF5502819FE5200F35C37 /* LoginLocalDataManager.swift */; };
		6A8EF5582819FE5200F35C37 /* LoginProtocols.swift in Sources */ = {isa = PBXBuildFile; fileRef = 6A8EF5512819FE5200F35C37 /* LoginProtocols.swift */; };
		6A8EF5592819FE5200F35C37 /* LoginInteractor.swift in Sources */ = {isa = PBXBuildFile; fileRef = 6A8EF5522819FE5200F35C37 /* LoginInteractor.swift */; };
		6A8EF55A2819FE5200F35C37 /* LoginView.swift in Sources */ = {isa = PBXBuildFile; fileRef = 6A8EF5532819FE5200F35C37 /* LoginView.swift */; };
		6A8EF55B2819FE5200F35C37 /* LoginRemoteDataManager.swift in Sources */ = {isa = PBXBuildFile; fileRef = 6A8EF5542819FE5200F35C37 /* LoginRemoteDataManager.swift */; };
		6A8EF55C2819FE5200F35C37 /* LoginWireFrame.swift in Sources */ = {isa = PBXBuildFile; fileRef = 6A8EF5552819FE5200F35C37 /* LoginWireFrame.swift */; };
		6A8EF55F2819FE6D00F35C37 /* LoginView.storyboard in Resources */ = {isa = PBXBuildFile; fileRef = 6A8EF55E2819FE6D00F35C37 /* LoginView.storyboard */; };
		6A8EF567281A0C8E00F35C37 /* SignupPresenter.swift in Sources */ = {isa = PBXBuildFile; fileRef = 6A8EF560281A0C8D00F35C37 /* SignupPresenter.swift */; };
		6A8EF568281A0C8E00F35C37 /* SignupLocalDataManager.swift in Sources */ = {isa = PBXBuildFile; fileRef = 6A8EF561281A0C8D00F35C37 /* SignupLocalDataManager.swift */; };
		6A8EF569281A0C8E00F35C37 /* SignupProtocols.swift in Sources */ = {isa = PBXBuildFile; fileRef = 6A8EF562281A0C8D00F35C37 /* SignupProtocols.swift */; };
		6A8EF56A281A0C8E00F35C37 /* SignupInteractor.swift in Sources */ = {isa = PBXBuildFile; fileRef = 6A8EF563281A0C8D00F35C37 /* SignupInteractor.swift */; };
		6A8EF56B281A0C8E00F35C37 /* SignupView.swift in Sources */ = {isa = PBXBuildFile; fileRef = 6A8EF564281A0C8D00F35C37 /* SignupView.swift */; };
		6A8EF56C281A0C8E00F35C37 /* SignupRemoteDataManager.swift in Sources */ = {isa = PBXBuildFile; fileRef = 6A8EF565281A0C8D00F35C37 /* SignupRemoteDataManager.swift */; };
		6A8EF56D281A0C8E00F35C37 /* SignupWireFrame.swift in Sources */ = {isa = PBXBuildFile; fileRef = 6A8EF566281A0C8D00F35C37 /* SignupWireFrame.swift */; };
		6A8EF570281A0CD600F35C37 /* SignupView.storyboard in Resources */ = {isa = PBXBuildFile; fileRef = 6A8EF56F281A0CD600F35C37 /* SignupView.storyboard */; };
		6A8EF572281A268400F35C37 /* Users.swift in Sources */ = {isa = PBXBuildFile; fileRef = 6A8EF571281A268400F35C37 /* Users.swift */; };
		6A8EF574281A30EA00F35C37 /* Welcome.storyboard in Resources */ = {isa = PBXBuildFile; fileRef = 6A8EF573281A30EA00F35C37 /* Welcome.storyboard */; };
		6A8EF576281A311900F35C37 /* WelcomeViewController.swift in Sources */ = {isa = PBXBuildFile; fileRef = 6A8EF575281A311900F35C37 /* WelcomeViewController.swift */; };
/* End PBXBuildFile section */

/* Begin PBXFileReference section */
		6A1828FE2819D9FF004984D4 /* ProyectoFinal.app */ = {isa = PBXFileReference; explicitFileType = wrapper.application; includeInIndex = 0; path = ProyectoFinal.app; sourceTree = BUILT_PRODUCTS_DIR; };
		6A1829012819D9FF004984D4 /* AppDelegate.swift */ = {isa = PBXFileReference; lastKnownFileType = sourcecode.swift; path = AppDelegate.swift; sourceTree = "<group>"; };
		6A1829032819D9FF004984D4 /* SceneDelegate.swift */ = {isa = PBXFileReference; lastKnownFileType = sourcecode.swift; path = SceneDelegate.swift; sourceTree = "<group>"; };
		6A18290B2819D9FF004984D4 /* ProyectoFinal.xcdatamodel */ = {isa = PBXFileReference; lastKnownFileType = wrapper.xcdatamodel; path = ProyectoFinal.xcdatamodel; sourceTree = "<group>"; };
		6A18290D2819DA01004984D4 /* Assets.xcassets */ = {isa = PBXFileReference; lastKnownFileType = folder.assetcatalog; path = Assets.xcassets; sourceTree = "<group>"; };
		6A1829102819DA01004984D4 /* Base */ = {isa = PBXFileReference; lastKnownFileType = file.storyboard; name = Base; path = Base.lproj/LaunchScreen.storyboard; sourceTree = "<group>"; };
		6A1829122819DA01004984D4 /* Info.plist */ = {isa = PBXFileReference; lastKnownFileType = text.plist.xml; path = Info.plist; sourceTree = "<group>"; };
		6A890754281B775B0017D87F /* CheckUser.swift */ = {isa = PBXFileReference; lastKnownFileType = sourcecode.swift; path = CheckUser.swift; sourceTree = "<group>"; };
		6A890756281B8BBF0017D87F /* UserAdded.swift */ = {isa = PBXFileReference; lastKnownFileType = sourcecode.swift; path = UserAdded.swift; sourceTree = "<group>"; };
		6A890758281C837B0017D87F /* ImageAdded.swift */ = {isa = PBXFileReference; lastKnownFileType = sourcecode.swift; path = ImageAdded.swift; sourceTree = "<group>"; };
		6A8EF54F2819FE5200F35C37 /* LoginPresenter.swift */ = {isa = PBXFileReference; lastKnownFileType = sourcecode.swift; path = LoginPresenter.swift; sourceTree = "<group>"; };
		6A8EF5502819FE5200F35C37 /* LoginLocalDataManager.swift */ = {isa = PBXFileReference; lastKnownFileType = sourcecode.swift; path = LoginLocalDataManager.swift; sourceTree = "<group>"; };
		6A8EF5512819FE5200F35C37 /* LoginProtocols.swift */ = {isa = PBXFileReference; lastKnownFileType = sourcecode.swift; path = LoginProtocols.swift; sourceTree = "<group>"; };
		6A8EF5522819FE5200F35C37 /* LoginInteractor.swift */ = {isa = PBXFileReference; lastKnownFileType = sourcecode.swift; path = LoginInteractor.swift; sourceTree = "<group>"; };
		6A8EF5532819FE5200F35C37 /* LoginView.swift */ = {isa = PBXFileReference; lastKnownFileType = sourcecode.swift; path = LoginView.swift; sourceTree = "<group>"; };
		6A8EF5542819FE5200F35C37 /* LoginRemoteDataManager.swift */ = {isa = PBXFileReference; lastKnownFileType = sourcecode.swift; path = LoginRemoteDataManager.swift; sourceTree = "<group>"; };
		6A8EF5552819FE5200F35C37 /* LoginWireFrame.swift */ = {isa = PBXFileReference; lastKnownFileType = sourcecode.swift; path = LoginWireFrame.swift; sourceTree = "<group>"; };
		6A8EF55E2819FE6D00F35C37 /* LoginView.storyboard */ = {isa = PBXFileReference; lastKnownFileType = file.storyboard; path = LoginView.storyboard; sourceTree = "<group>"; };
		6A8EF560281A0C8D00F35C37 /* SignupPresenter.swift */ = {isa = PBXFileReference; lastKnownFileType = sourcecode.swift; path = SignupPresenter.swift; sourceTree = "<group>"; };
		6A8EF561281A0C8D00F35C37 /* SignupLocalDataManager.swift */ = {isa = PBXFileReference; lastKnownFileType = sourcecode.swift; path = SignupLocalDataManager.swift; sourceTree = "<group>"; };
		6A8EF562281A0C8D00F35C37 /* SignupProtocols.swift */ = {isa = PBXFileReference; lastKnownFileType = sourcecode.swift; path = SignupProtocols.swift; sourceTree = "<group>"; };
		6A8EF563281A0C8D00F35C37 /* SignupInteractor.swift */ = {isa = PBXFileReference; lastKnownFileType = sourcecode.swift; path = SignupInteractor.swift; sourceTree = "<group>"; };
		6A8EF564281A0C8D00F35C37 /* SignupView.swift */ = {isa = PBXFileReference; lastKnownFileType = sourcecode.swift; path = SignupView.swift; sourceTree = "<group>"; };
		6A8EF565281A0C8D00F35C37 /* SignupRemoteDataManager.swift */ = {isa = PBXFileReference; lastKnownFileType = sourcecode.swift; path = SignupRemoteDataManager.swift; sourceTree = "<group>"; };
		6A8EF566281A0C8D00F35C37 /* SignupWireFrame.swift */ = {isa = PBXFileReference; lastKnownFileType = sourcecode.swift; path = SignupWireFrame.swift; sourceTree = "<group>"; };
		6A8EF56F281A0CD600F35C37 /* SignupView.storyboard */ = {isa = PBXFileReference; lastKnownFileType = file.storyboard; path = SignupView.storyboard; sourceTree = "<group>"; };
		6A8EF571281A268400F35C37 /* Users.swift */ = {isa = PBXFileReference; lastKnownFileType = sourcecode.swift; path = Users.swift; sourceTree = "<group>"; };
		6A8EF573281A30EA00F35C37 /* Welcome.storyboard */ = {isa = PBXFileReference; lastKnownFileType = file.storyboard; path = Welcome.storyboard; sourceTree = "<group>"; };
		6A8EF575281A311900F35C37 /* WelcomeViewController.swift */ = {isa = PBXFileReference; lastKnownFileType = sourcecode.swift; path = WelcomeViewController.swift; sourceTree = "<group>"; };
/* End PBXFileReference section */

/* Begin PBXFrameworksBuildPhase section */
		6A1828FB2819D9FF004984D4 /* Frameworks */ = {
			isa = PBXFrameworksBuildPhase;
			buildActionMask = 2147483647;
			files = (
			);
			runOnlyForDeploymentPostprocessing = 0;
		};
/* End PBXFrameworksBuildPhase section */

/* Begin PBXGroup section */
		6A1828F52819D9FF004984D4 = {
			isa = PBXGroup;
			children = (
				6A1829002819D9FF004984D4 /* ProyectoFinal */,
				6A1828FF2819D9FF004984D4 /* Products */,
			);
			sourceTree = "<group>";
		};
		6A1828FF2819D9FF004984D4 /* Products */ = {
			isa = PBXGroup;
			children = (
				6A1828FE2819D9FF004984D4 /* ProyectoFinal.app */,
			);
			name = Products;
			sourceTree = "<group>";
		};
		6A1829002819D9FF004984D4 /* ProyectoFinal */ = {
			isa = PBXGroup;
			children = (
				6A1829012819D9FF004984D4 /* AppDelegate.swift */,
				6A1829032819D9FF004984D4 /* SceneDelegate.swift */,
				6A18290D2819DA01004984D4 /* Assets.xcassets */,
				6A18290F2819DA01004984D4 /* LaunchScreen.storyboard */,
				6A8EF573281A30EA00F35C37 /* Welcome.storyboard */,
				6A8EF575281A311900F35C37 /* WelcomeViewController.swift */,
				6A8EF56E281A0C9D00F35C37 /* SignupView */,
				6A8EF55D2819FE5900F35C37 /* LoginView */,
				6A1829122819DA01004984D4 /* Info.plist */,
				6A18290A2819D9FF004984D4 /* ProyectoFinal.xcdatamodeld */,
			);
			path = ProyectoFinal;
			sourceTree = "<group>";
		};
		6A8EF55D2819FE5900F35C37 /* LoginView */ = {
			isa = PBXGroup;
			children = (
				6A8EF5532819FE5200F35C37 /* LoginView.swift */,
				6A8EF55E2819FE6D00F35C37 /* LoginView.storyboard */,
				6A8EF54F2819FE5200F35C37 /* LoginPresenter.swift */,
				6A8EF5502819FE5200F35C37 /* LoginLocalDataManager.swift */,
				6A8EF5512819FE5200F35C37 /* LoginProtocols.swift */,
				6A8EF5522819FE5200F35C37 /* LoginInteractor.swift */,
				6A8EF5542819FE5200F35C37 /* LoginRemoteDataManager.swift */,
				6A8EF5552819FE5200F35C37 /* LoginWireFrame.swift */,
				6A8EF571281A268400F35C37 /* Users.swift */,
			);
			path = LoginView;
			sourceTree = "<group>";
		};
		6A8EF56E281A0C9D00F35C37 /* SignupView */ = {
			isa = PBXGroup;
			children = (
				6A8EF564281A0C8D00F35C37 /* SignupView.swift */,
				6A8EF56F281A0CD600F35C37 /* SignupView.storyboard */,
				6A8EF560281A0C8D00F35C37 /* SignupPresenter.swift */,
				6A8EF561281A0C8D00F35C37 /* SignupLocalDataManager.swift */,
				6A8EF562281A0C8D00F35C37 /* SignupProtocols.swift */,
				6A8EF563281A0C8D00F35C37 /* SignupInteractor.swift */,
				6A8EF565281A0C8D00F35C37 /* SignupRemoteDataManager.swift */,
				6A8EF566281A0C8D00F35C37 /* SignupWireFrame.swift */,
				6A890754281B775B0017D87F /* CheckUser.swift */,
				6A890756281B8BBF0017D87F /* UserAdded.swift */,
				6A890758281C837B0017D87F /* ImageAdded.swift */,
			);
			path = SignupView;
			sourceTree = "<group>";
		};
/* End PBXGroup section */

/* Begin PBXNativeTarget section */
		6A1828FD2819D9FF004984D4 /* ProyectoFinal */ = {
			isa = PBXNativeTarget;
			buildConfigurationList = 6A1829152819DA01004984D4 /* Build configuration list for PBXNativeTarget "ProyectoFinal" */;
			buildPhases = (
				6A1828FA2819D9FF004984D4 /* Sources */,
				6A1828FB2819D9FF004984D4 /* Frameworks */,
				6A1828FC2819D9FF004984D4 /* Resources */,
			);
			buildRules = (
			);
			dependencies = (
			);
			name = ProyectoFinal;
			productName = ProyectoFinal;
			productReference = 6A1828FE2819D9FF004984D4 /* ProyectoFinal.app */;
			productType = "com.apple.product-type.application";
		};
/* End PBXNativeTarget section */

/* Begin PBXProject section */
		6A1828F62819D9FF004984D4 /* Project object */ = {
			isa = PBXProject;
			attributes = {
				BuildIndependentTargetsInParallel = 1;
				LastSwiftUpdateCheck = 1330;
				LastUpgradeCheck = 1330;
				TargetAttributes = {
					6A1828FD2819D9FF004984D4 = {
						CreatedOnToolsVersion = 13.3.1;
					};
				};
			};
			buildConfigurationList = 6A1828F92819D9FF004984D4 /* Build configuration list for PBXProject "ProyectoFinal" */;
			compatibilityVersion = "Xcode 13.0";
			developmentRegion = en;
			hasScannedForEncodings = 0;
			knownRegions = (
				en,
				Base,
			);
			mainGroup = 6A1828F52819D9FF004984D4;
			productRefGroup = 6A1828FF2819D9FF004984D4 /* Products */;
			projectDirPath = "";
			projectRoot = "";
			targets = (
				6A1828FD2819D9FF004984D4 /* ProyectoFinal */,
			);
		};
/* End PBXProject section */

/* Begin PBXResourcesBuildPhase section */
		6A1828FC2819D9FF004984D4 /* Resources */ = {
			isa = PBXResourcesBuildPhase;
			buildActionMask = 2147483647;
			files = (
				6A8EF574281A30EA00F35C37 /* Welcome.storyboard in Resources */,
				6A1829112819DA01004984D4 /* LaunchScreen.storyboard in Resources */,
				6A8EF570281A0CD600F35C37 /* SignupView.storyboard in Resources */,
				6A18290E2819DA01004984D4 /* Assets.xcassets in Resources */,
				6A8EF55F2819FE6D00F35C37 /* LoginView.storyboard in Resources */,
			);
			runOnlyForDeploymentPostprocessing = 0;
		};
/* End PBXResourcesBuildPhase section */

/* Begin PBXSourcesBuildPhase section */
		6A1828FA2819D9FF004984D4 /* Sources */ = {
			isa = PBXSourcesBuildPhase;
			buildActionMask = 2147483647;
			files = (
				6A890759281C837C0017D87F /* ImageAdded.swift in Sources */,
				6A8EF567281A0C8E00F35C37 /* SignupPresenter.swift in Sources */,
				6A8EF56D281A0C8E00F35C37 /* SignupWireFrame.swift in Sources */,
				6A8EF5562819FE5200F35C37 /* LoginPresenter.swift in Sources */,
				6A18290C2819D9FF004984D4 /* ProyectoFinal.xcdatamodeld in Sources */,
				6A8EF5592819FE5200F35C37 /* LoginInteractor.swift in Sources */,
				6A8EF569281A0C8E00F35C37 /* SignupProtocols.swift in Sources */,
				6A1829022819D9FF004984D4 /* AppDelegate.swift in Sources */,
				6A890755281B775B0017D87F /* CheckUser.swift in Sources */,
				6A8EF568281A0C8E00F35C37 /* SignupLocalDataManager.swift in Sources */,
				6A890757281B8BBF0017D87F /* UserAdded.swift in Sources */,
				6A8EF55C2819FE5200F35C37 /* LoginWireFrame.swift in Sources */,
				6A8EF5582819FE5200F35C37 /* LoginProtocols.swift in Sources */,
				6A8EF572281A268400F35C37 /* Users.swift in Sources */,
				6A8EF56B281A0C8E00F35C37 /* SignupView.swift in Sources */,
				6A1829042819D9FF004984D4 /* SceneDelegate.swift in Sources */,
				6A8EF55A2819FE5200F35C37 /* LoginView.swift in Sources */,
				6A8EF5572819FE5200F35C37 /* LoginLocalDataManager.swift in Sources */,
				6A8EF56A281A0C8E00F35C37 /* SignupInteractor.swift in Sources */,
				6A8EF55B2819FE5200F35C37 /* LoginRemoteDataManager.swift in Sources */,
				6A8EF56C281A0C8E00F35C37 /* SignupRemoteDataManager.swift in Sources */,
				6A8EF576281A311900F35C37 /* WelcomeViewController.swift in Sources */,
			);
			runOnlyForDeploymentPostprocessing = 0;
		};
/* End PBXSourcesBuildPhase section */

/* Begin PBXVariantGroup section */
		6A18290F2819DA01004984D4 /* LaunchScreen.storyboard */ = {
			isa = PBXVariantGroup;
			children = (
				6A1829102819DA01004984D4 /* Base */,
			);
			name = LaunchScreen.storyboard;
			sourceTree = "<group>";
		};
/* End PBXVariantGroup section */

/* Begin XCBuildConfiguration section */
		6A1829132819DA01004984D4 /* Debug */ = {
			isa = XCBuildConfiguration;
			buildSettings = {
				ALWAYS_SEARCH_USER_PATHS = NO;
				CLANG_ANALYZER_NONNULL = YES;
				CLANG_ANALYZER_NUMBER_OBJECT_CONVERSION = YES_AGGRESSIVE;
				CLANG_CXX_LANGUAGE_STANDARD = "gnu++17";
				CLANG_ENABLE_MODULES = YES;
				CLANG_ENABLE_OBJC_ARC = YES;
				CLANG_ENABLE_OBJC_WEAK = YES;
				CLANG_WARN_BLOCK_CAPTURE_AUTORELEASING = YES;
				CLANG_WARN_BOOL_CONVERSION = YES;
				CLANG_WARN_COMMA = YES;
				CLANG_WARN_CONSTANT_CONVERSION = YES;
				CLANG_WARN_DEPRECATED_OBJC_IMPLEMENTATIONS = YES;
				CLANG_WARN_DIRECT_OBJC_ISA_USAGE = YES_ERROR;
				CLANG_WARN_DOCUMENTATION_COMMENTS = YES;
				CLANG_WARN_EMPTY_BODY = YES;
				CLANG_WARN_ENUM_CONVERSION = YES;
				CLANG_WARN_INFINITE_RECURSION = YES;
				CLANG_WARN_INT_CONVERSION = YES;
				CLANG_WARN_NON_LITERAL_NULL_CONVERSION = YES;
				CLANG_WARN_OBJC_IMPLICIT_RETAIN_SELF = YES;
				CLANG_WARN_OBJC_LITERAL_CONVERSION = YES;
				CLANG_WARN_OBJC_ROOT_CLASS = YES_ERROR;
				CLANG_WARN_QUOTED_INCLUDE_IN_FRAMEWORK_HEADER = YES;
				CLANG_WARN_RANGE_LOOP_ANALYSIS = YES;
				CLANG_WARN_STRICT_PROTOTYPES = YES;
				CLANG_WARN_SUSPICIOUS_MOVE = YES;
				CLANG_WARN_UNGUARDED_AVAILABILITY = YES_AGGRESSIVE;
				CLANG_WARN_UNREACHABLE_CODE = YES;
				CLANG_WARN__DUPLICATE_METHOD_MATCH = YES;
				COPY_PHASE_STRIP = NO;
				DEBUG_INFORMATION_FORMAT = dwarf;
				ENABLE_STRICT_OBJC_MSGSEND = YES;
				ENABLE_TESTABILITY = YES;
				GCC_C_LANGUAGE_STANDARD = gnu11;
				GCC_DYNAMIC_NO_PIC = NO;
				GCC_NO_COMMON_BLOCKS = YES;
				GCC_OPTIMIZATION_LEVEL = 0;
				GCC_PREPROCESSOR_DEFINITIONS = (
					"DEBUG=1",
					"$(inherited)",
				);
				GCC_WARN_64_TO_32_BIT_CONVERSION = YES;
				GCC_WARN_ABOUT_RETURN_TYPE = YES_ERROR;
				GCC_WARN_UNDECLARED_SELECTOR = YES;
				GCC_WARN_UNINITIALIZED_AUTOS = YES_AGGRESSIVE;
				GCC_WARN_UNUSED_FUNCTION = YES;
				GCC_WARN_UNUSED_VARIABLE = YES;
				IPHONEOS_DEPLOYMENT_TARGET = 15.4;
				MTL_ENABLE_DEBUG_INFO = INCLUDE_SOURCE;
				MTL_FAST_MATH = YES;
				ONLY_ACTIVE_ARCH = YES;
				SDKROOT = iphoneos;
				SWIFT_ACTIVE_COMPILATION_CONDITIONS = DEBUG;
				SWIFT_OPTIMIZATION_LEVEL = "-Onone";
			};
			name = Debug;
		};
		6A1829142819DA01004984D4 /* Release */ = {
			isa = XCBuildConfiguration;
			buildSettings = {
				ALWAYS_SEARCH_USER_PATHS = NO;
				CLANG_ANALYZER_NONNULL = YES;
				CLANG_ANALYZER_NUMBER_OBJECT_CONVERSION = YES_AGGRESSIVE;
				CLANG_CXX_LANGUAGE_STANDARD = "gnu++17";
				CLANG_ENABLE_MODULES = YES;
				CLANG_ENABLE_OBJC_ARC = YES;
				CLANG_ENABLE_OBJC_WEAK = YES;
				CLANG_WARN_BLOCK_CAPTURE_AUTORELEASING = YES;
				CLANG_WARN_BOOL_CONVERSION = YES;
				CLANG_WARN_COMMA = YES;
				CLANG_WARN_CONSTANT_CONVERSION = YES;
				CLANG_WARN_DEPRECATED_OBJC_IMPLEMENTATIONS = YES;
				CLANG_WARN_DIRECT_OBJC_ISA_USAGE = YES_ERROR;
				CLANG_WARN_DOCUMENTATION_COMMENTS = YES;
				CLANG_WARN_EMPTY_BODY = YES;
				CLANG_WARN_ENUM_CONVERSION = YES;
				CLANG_WARN_INFINITE_RECURSION = YES;
				CLANG_WARN_INT_CONVERSION = YES;
				CLANG_WARN_NON_LITERAL_NULL_CONVERSION = YES;
				CLANG_WARN_OBJC_IMPLICIT_RETAIN_SELF = YES;
				CLANG_WARN_OBJC_LITERAL_CONVERSION = YES;
				CLANG_WARN_OBJC_ROOT_CLASS = YES_ERROR;
				CLANG_WARN_QUOTED_INCLUDE_IN_FRAMEWORK_HEADER = YES;
				CLANG_WARN_RANGE_LOOP_ANALYSIS = YES;
				CLANG_WARN_STRICT_PROTOTYPES = YES;
				CLANG_WARN_SUSPICIOUS_MOVE = YES;
				CLANG_WARN_UNGUARDED_AVAILABILITY = YES_AGGRESSIVE;
				CLANG_WARN_UNREACHABLE_CODE = YES;
				CLANG_WARN__DUPLICATE_METHOD_MATCH = YES;
				COPY_PHASE_STRIP = NO;
				DEBUG_INFORMATION_FORMAT = "dwarf-with-dsym";
				ENABLE_NS_ASSERTIONS = NO;
				ENABLE_STRICT_OBJC_MSGSEND = YES;
				GCC_C_LANGUAGE_STANDARD = gnu11;
				GCC_NO_COMMON_BLOCKS = YES;
				GCC_WARN_64_TO_32_BIT_CONVERSION = YES;
				GCC_WARN_ABOUT_RETURN_TYPE = YES_ERROR;
				GCC_WARN_UNDECLARED_SELECTOR = YES;
				GCC_WARN_UNINITIALIZED_AUTOS = YES_AGGRESSIVE;
				GCC_WARN_UNUSED_FUNCTION = YES;
				GCC_WARN_UNUSED_VARIABLE = YES;
				IPHONEOS_DEPLOYMENT_TARGET = 15.4;
				MTL_ENABLE_DEBUG_INFO = NO;
				MTL_FAST_MATH = YES;
				SDKROOT = iphoneos;
				SWIFT_COMPILATION_MODE = wholemodule;
				SWIFT_OPTIMIZATION_LEVEL = "-O";
				VALIDATE_PRODUCT = YES;
			};
			name = Release;
		};
		6A1829162819DA01004984D4 /* Debug */ = {
			isa = XCBuildConfiguration;
			buildSettings = {
				ASSETCATALOG_COMPILER_APPICON_NAME = AppIcon;
				ASSETCATALOG_COMPILER_GLOBAL_ACCENT_COLOR_NAME = AccentColor;
				CODE_SIGN_STYLE = Automatic;
				CURRENT_PROJECT_VERSION = 1;
				DEVELOPMENT_TEAM = 24P2M7WZ4S;
				GENERATE_INFOPLIST_FILE = YES;
				INFOPLIST_FILE = ProyectoFinal/Info.plist;
				INFOPLIST_KEY_UIApplicationSupportsIndirectInputEvents = YES;
				INFOPLIST_KEY_UILaunchStoryboardName = LaunchScreen;
				INFOPLIST_KEY_UISupportedInterfaceOrientations_iPad = "UIInterfaceOrientationPortrait UIInterfaceOrientationPortraitUpsideDown UIInterfaceOrientationLandscapeLeft UIInterfaceOrientationLandscapeRight";
				INFOPLIST_KEY_UISupportedInterfaceOrientations_iPhone = "UIInterfaceOrientationPortrait UIInterfaceOrientationLandscapeLeft UIInterfaceOrientationLandscapeRight";
				LD_RUNPATH_SEARCH_PATHS = (
					"$(inherited)",
					"@executable_path/Frameworks",
				);
				MARKETING_VERSION = 1.0;
				PRODUCT_BUNDLE_IDENTIFIER = com.AlejandroBrito.ProyectoFinal;
				PRODUCT_NAME = "$(TARGET_NAME)";
				SWIFT_EMIT_LOC_STRINGS = YES;
				SWIFT_VERSION = 5.0;
				TARGETED_DEVICE_FAMILY = "1,2";
			};
			name = Debug;
		};
		6A1829172819DA01004984D4 /* Release */ = {
			isa = XCBuildConfiguration;
			buildSettings = {
				ASSETCATALOG_COMPILER_APPICON_NAME = AppIcon;
				ASSETCATALOG_COMPILER_GLOBAL_ACCENT_COLOR_NAME = AccentColor;
				CODE_SIGN_STYLE = Automatic;
				CURRENT_PROJECT_VERSION = 1;
				DEVELOPMENT_TEAM = 24P2M7WZ4S;
				GENERATE_INFOPLIST_FILE = YES;
				INFOPLIST_FILE = ProyectoFinal/Info.plist;
				INFOPLIST_KEY_UIApplicationSupportsIndirectInputEvents = YES;
				INFOPLIST_KEY_UILaunchStoryboardName = LaunchScreen;
				INFOPLIST_KEY_UISupportedInterfaceOrientations_iPad = "UIInterfaceOrientationPortrait UIInterfaceOrientationPortraitUpsideDown UIInterfaceOrientationLandscapeLeft UIInterfaceOrientationLandscapeRight";
				INFOPLIST_KEY_UISupportedInterfaceOrientations_iPhone = "UIInterfaceOrientationPortrait UIInterfaceOrientationLandscapeLeft UIInterfaceOrientationLandscapeRight";
				LD_RUNPATH_SEARCH_PATHS = (
					"$(inherited)",
					"@executable_path/Frameworks",
				);
				MARKETING_VERSION = 1.0;
				PRODUCT_BUNDLE_IDENTIFIER = com.AlejandroBrito.ProyectoFinal;
				PRODUCT_NAME = "$(TARGET_NAME)";
				SWIFT_EMIT_LOC_STRINGS = YES;
				SWIFT_VERSION = 5.0;
				TARGETED_DEVICE_FAMILY = "1,2";
			};
			name = Release;
		};
/* End XCBuildConfiguration section */

/* Begin XCConfigurationList section */
		6A1828F92819D9FF004984D4 /* Build configuration list for PBXProject "ProyectoFinal" */ = {
			isa = XCConfigurationList;
			buildConfigurations = (
				6A1829132819DA01004984D4 /* Debug */,
				6A1829142819DA01004984D4 /* Release */,
			);
			defaultConfigurationIsVisible = 0;
			defaultConfigurationName = Release;
		};
		6A1829152819DA01004984D4 /* Build configuration list for PBXNativeTarget "ProyectoFinal" */ = {
			isa = XCConfigurationList;
			buildConfigurations = (
				6A1829162819DA01004984D4 /* Debug */,
				6A1829172819DA01004984D4 /* Release */,
			);
			defaultConfigurationIsVisible = 0;
			defaultConfigurationName = Release;
		};
/* End XCConfigurationList section */

/* Begin XCVersionGroup section */
		6A18290A2819D9FF004984D4 /* ProyectoFinal.xcdatamodeld */ = {
			isa = XCVersionGroup;
			children = (
				6A18290B2819D9FF004984D4 /* ProyectoFinal.xcdatamodel */,
			);
			currentVersion = 6A18290B2819D9FF004984D4 /* ProyectoFinal.xcdatamodel */;
			path = ProyectoFinal.xcdatamodeld;
			sourceTree = "<group>";
			versionGroupType = wrapper.xcdatamodel;
		};
/* End XCVersionGroup section */
	};
	rootObject = 6A1828F62819D9FF004984D4 /* Project object */;
}
